// !$*UTF8*$!
{
	archiveVersion = 1;
	classes = {
	};
	objectVersion = 51;
	objects = {

/* Begin PBXBuildFile section */
		276EC98922CDD64A00D9B822 /* AppDelegate.swift in Sources */ = {isa = PBXBuildFile; fileRef = 276EC98822CDD64A00D9B822 /* AppDelegate.swift */; };
		276EC99022CDD64B00D9B822 /* Assets.xcassets in Resources */ = {isa = PBXBuildFile; fileRef = 276EC98F22CDD64B00D9B822 /* Assets.xcassets */; };
		276EC99322CDD64B00D9B822 /* LaunchScreen.storyboard in Resources */ = {isa = PBXBuildFile; fileRef = 276EC99122CDD64B00D9B822 /* LaunchScreen.storyboard */; };
		276EC99E22CDD64B00D9B822 /* SampleAppTests.swift in Sources */ = {isa = PBXBuildFile; fileRef = 276EC99D22CDD64B00D9B822 /* SampleAppTests.swift */; };
		276EC9A922CDD64B00D9B822 /* SampleAppUITests.swift in Sources */ = {isa = PBXBuildFile; fileRef = 276EC9A822CDD64B00D9B822 /* SampleAppUITests.swift */; };
		2791C2F922D5DD92004E8493 /* ViewController.swift in Sources */ = {isa = PBXBuildFile; fileRef = 2791C2F822D5DD92004E8493 /* ViewController.swift */; };
		2791C2FC22D5DDD6004E8493 /* Theme.swift in Sources */ = {isa = PBXBuildFile; fileRef = 2791C2FB22D5DDD6004E8493 /* Theme.swift */; };
		2791C2FE22D5DDEE004E8493 /* Theme+Label.swift in Sources */ = {isa = PBXBuildFile; fileRef = 2791C2FD22D5DDEE004E8493 /* Theme+Label.swift */; };
		2791C30122D5DE1B004E8493 /* UIColor+Hex.swift in Sources */ = {isa = PBXBuildFile; fileRef = 2791C30022D5DE1B004E8493 /* UIColor+Hex.swift */; };
		2791C30C22D5DE7A004E8493 /* StoryboardSceneBased.swift in Sources */ = {isa = PBXBuildFile; fileRef = 2791C30422D5DE7A004E8493 /* StoryboardSceneBased.swift */; };
		2791C30D22D5DE7A004E8493 /* StoryboardBased.swift in Sources */ = {isa = PBXBuildFile; fileRef = 2791C30522D5DE7A004E8493 /* StoryboardBased.swift */; };
		2791C30E22D5DE7A004E8493 /* UICollectionView+Reusable.swift in Sources */ = {isa = PBXBuildFile; fileRef = 2791C30722D5DE7A004E8493 /* UICollectionView+Reusable.swift */; };
		2791C30F22D5DE7A004E8493 /* Reusable.swift in Sources */ = {isa = PBXBuildFile; fileRef = 2791C30822D5DE7A004E8493 /* Reusable.swift */; };
		2791C31022D5DE7A004E8493 /* UITableView+Reusable.swift in Sources */ = {isa = PBXBuildFile; fileRef = 2791C30922D5DE7A004E8493 /* UITableView+Reusable.swift */; };
		2791C31122D5DE7A004E8493 /* NibLoadable.swift in Sources */ = {isa = PBXBuildFile; fileRef = 2791C30A22D5DE7A004E8493 /* NibLoadable.swift */; };
		2791C31222D5DE7A004E8493 /* NibOwnerLoadable.swift in Sources */ = {isa = PBXBuildFile; fileRef = 2791C30B22D5DE7A004E8493 /* NibOwnerLoadable.swift */; };
		2791C31422D5DEA6004E8493 /* NavigationController.swift in Sources */ = {isa = PBXBuildFile; fileRef = 2791C31322D5DEA6004E8493 /* NavigationController.swift */; };
		2791C31622D5DEC1004E8493 /* Theme+Colors.swift in Sources */ = {isa = PBXBuildFile; fileRef = 2791C31522D5DEC1004E8493 /* Theme+Colors.swift */; };
		2791C31822D5DF6D004E8493 /* Theme+NavigationBar.swift in Sources */ = {isa = PBXBuildFile; fileRef = 2791C31722D5DF6D004E8493 /* Theme+NavigationBar.swift */; };
		2791C31A22D5DFEA004E8493 /* Theme+Button.swift in Sources */ = {isa = PBXBuildFile; fileRef = 2791C31922D5DFEA004E8493 /* Theme+Button.swift */; };
		2791C31E22D5E034004E8493 /* ButtonActionView.swift in Sources */ = {isa = PBXBuildFile; fileRef = 2791C31C22D5E034004E8493 /* ButtonActionView.swift */; };
		2791C31F22D5E034004E8493 /* ButtonActionView.xib in Resources */ = {isa = PBXBuildFile; fileRef = 2791C31D22D5E034004E8493 /* ButtonActionView.xib */; };
		2791C33122D5E08E004E8493 /* AdaptersCore.framework in Frameworks */ = {isa = PBXBuildFile; fileRef = 2791C32F22D5E08A004E8493 /* AdaptersCore.framework */; };
		2791C33222D5E08E004E8493 /* AdaptersCore.framework in Embed Frameworks */ = {isa = PBXBuildFile; fileRef = 2791C32F22D5E08A004E8493 /* AdaptersCore.framework */; settings = {ATTRIBUTES = (CodeSignOnCopy, RemoveHeadersOnCopy, ); }; };
		2791C33422D5E0B7004E8493 /* AppCore.framework in Frameworks */ = {isa = PBXBuildFile; fileRef = 2791C33322D5E0B7004E8493 /* AppCore.framework */; };
		2791C33622D5E0BB004E8493 /* AppCore.framework in Embed Frameworks */ = {isa = PBXBuildFile; fileRef = 2791C33322D5E0B7004E8493 /* AppCore.framework */; settings = {ATTRIBUTES = (CodeSignOnCopy, RemoveHeadersOnCopy, ); }; };
		2791C33822D5E0C9004E8493 /* Shared.framework in Frameworks */ = {isa = PBXBuildFile; fileRef = 2791C33722D5E0C9004E8493 /* Shared.framework */; };
		2791C33A22D5E0CD004E8493 /* Shared.framework in Embed Frameworks */ = {isa = PBXBuildFile; fileRef = 2791C33722D5E0C9004E8493 /* Shared.framework */; settings = {ATTRIBUTES = (CodeSignOnCopy, RemoveHeadersOnCopy, ); }; };
		2791C33C22D5E0D4004E8493 /* PersonsFeature.framework in Frameworks */ = {isa = PBXBuildFile; fileRef = 2791C33B22D5E0D4004E8493 /* PersonsFeature.framework */; };
		2791C33E22D5E0D8004E8493 /* PersonsFeature.framework in Embed Frameworks */ = {isa = PBXBuildFile; fileRef = 2791C33B22D5E0D4004E8493 /* PersonsFeature.framework */; settings = {ATTRIBUTES = (CodeSignOnCopy, RemoveHeadersOnCopy, ); }; };
		2791C34122D5E1B2004E8493 /* TextInputController.swift in Sources */ = {isa = PBXBuildFile; fileRef = 2791C34022D5E1B2004E8493 /* TextInputController.swift */; };
		2791C34322D5E1CD004E8493 /* TextFieldFirstResponderController.swift in Sources */ = {isa = PBXBuildFile; fileRef = 2791C34222D5E1CD004E8493 /* TextFieldFirstResponderController.swift */; };
		2791C34522D5E1E6004E8493 /* TextViewFirstResponderController.swift in Sources */ = {isa = PBXBuildFile; fileRef = 2791C34422D5E1E6004E8493 /* TextViewFirstResponderController.swift */; };
		2791C34722D5E213004E8493 /* UIView+TextInputFirstResponder.swift in Sources */ = {isa = PBXBuildFile; fileRef = 2791C34622D5E213004E8493 /* UIView+TextInputFirstResponder.swift */; };
		2791C34922D5E29F004E8493 /* ScrollViewKeyboardController.swift in Sources */ = {isa = PBXBuildFile; fileRef = 2791C34822D5E29F004E8493 /* ScrollViewKeyboardController.swift */; };
		2791C34B22D5E2DA004E8493 /* AlertController.swift in Sources */ = {isa = PBXBuildFile; fileRef = 2791C34A22D5E2DA004E8493 /* AlertController.swift */; };
		2791C34D22D5E344004E8493 /* UIAlertController+Extensions.swift in Sources */ = {isa = PBXBuildFile; fileRef = 2791C34C22D5E344004E8493 /* UIAlertController+Extensions.swift */; };
		2791C34F22D5E49E004E8493 /* TableViewController.swift in Sources */ = {isa = PBXBuildFile; fileRef = 2791C34E22D5E49E004E8493 /* TableViewController.swift */; };
		2791C35122D5E56E004E8493 /* Theme+TableView.swift in Sources */ = {isa = PBXBuildFile; fileRef = 2791C35022D5E56E004E8493 /* Theme+TableView.swift */; };
		2791C35622D5E714004E8493 /* PersonsListScreenView.swift in Sources */ = {isa = PBXBuildFile; fileRef = 2791C35522D5E714004E8493 /* PersonsListScreenView.swift */; };
		2791C35822D5E72D004E8493 /* PersonsListScreenViewFactory.swift in Sources */ = {isa = PBXBuildFile; fileRef = 2791C35722D5E72D004E8493 /* PersonsListScreenViewFactory.swift */; };
		2791C35C22D5E78B004E8493 /* ScreenType.swift in Sources */ = {isa = PBXBuildFile; fileRef = 2791C35B22D5E78B004E8493 /* ScreenType.swift */; };
		2791C35E22D5E7A0004E8493 /* ScreenProperties.swift in Sources */ = {isa = PBXBuildFile; fileRef = 2791C35D22D5E7A0004E8493 /* ScreenProperties.swift */; };
		2791C36122D5E80A004E8493 /* NavigationPresenter.swift in Sources */ = {isa = PBXBuildFile; fileRef = 2791C36022D5E80A004E8493 /* NavigationPresenter.swift */; };
		2791C36322D5E81D004E8493 /* NavigationPresenter+Screen.swift in Sources */ = {isa = PBXBuildFile; fileRef = 2791C36222D5E81D004E8493 /* NavigationPresenter+Screen.swift */; };
		2791C36522D5E82F004E8493 /* NavigationPresenter+Delegate.swift in Sources */ = {isa = PBXBuildFile; fileRef = 2791C36422D5E82F004E8493 /* NavigationPresenter+Delegate.swift */; };
		2791C36722D5E8C7004E8493 /* ModalPresenter.swift in Sources */ = {isa = PBXBuildFile; fileRef = 2791C36622D5E8C7004E8493 /* ModalPresenter.swift */; };
		2791C36922D5E8DF004E8493 /* ModalPresenter+Screen.swift in Sources */ = {isa = PBXBuildFile; fileRef = 2791C36822D5E8DF004E8493 /* ModalPresenter+Screen.swift */; };
		2791C36E22D5EA01004E8493 /* InkTableViewCell.swift in Sources */ = {isa = PBXBuildFile; fileRef = 2791C36D22D5EA01004E8493 /* InkTableViewCell.swift */; };
		2791C37022D5EA13004E8493 /* TableViewCells.swift in Sources */ = {isa = PBXBuildFile; fileRef = 2791C36F22D5EA13004E8493 /* TableViewCells.swift */; };
		2791C37222D5EA26004E8493 /* ContainerTableViewCell.swift in Sources */ = {isa = PBXBuildFile; fileRef = 2791C37122D5EA26004E8493 /* ContainerTableViewCell.swift */; };
		2791C37422D5EA47004E8493 /* UIView+Containment.swift in Sources */ = {isa = PBXBuildFile; fileRef = 2791C37322D5EA47004E8493 /* UIView+Containment.swift */; };
		2791C37822D5EBA1004E8493 /* ProgressHUD.swift in Sources */ = {isa = PBXBuildFile; fileRef = 2791C37722D5EBA1004E8493 /* ProgressHUD.swift */; };
		2791C37A22D5ED6B004E8493 /* PersonsListScreenViewDelegate.swift in Sources */ = {isa = PBXBuildFile; fileRef = 2791C37922D5ED6B004E8493 /* PersonsListScreenViewDelegate.swift */; };
		2791C37C22D5EF66004E8493 /* PersonsListDataSourceAdapter.swift in Sources */ = {isa = PBXBuildFile; fileRef = 2791C37B22D5EF66004E8493 /* PersonsListDataSourceAdapter.swift */; };
		2791C38022D5F246004E8493 /* PersonsFlowController.swift in Sources */ = {isa = PBXBuildFile; fileRef = 2791C37F22D5F246004E8493 /* PersonsFlowController.swift */; };
		2791C38222D5F265004E8493 /* FlowController.swift in Sources */ = {isa = PBXBuildFile; fileRef = 2791C38122D5F265004E8493 /* FlowController.swift */; };
		2791C38422D5F2A2004E8493 /* PersonsFlowController+List.swift in Sources */ = {isa = PBXBuildFile; fileRef = 2791C38322D5F2A2004E8493 /* PersonsFlowController+List.swift */; };
		2791C38622D5F314004E8493 /* RootFlowController.swift in Sources */ = {isa = PBXBuildFile; fileRef = 2791C38522D5F314004E8493 /* RootFlowController.swift */; };
		2791C38822D5F50F004E8493 /* ApplicationSetup.swift in Sources */ = {isa = PBXBuildFile; fileRef = 2791C38722D5F50F004E8493 /* ApplicationSetup.swift */; };
		2791C38A22D5F61F004E8493 /* ApplicationContainerFactory.swift in Sources */ = {isa = PBXBuildFile; fileRef = 2791C38922D5F61F004E8493 /* ApplicationContainerFactory.swift */; };
		2791C38D22D5F6D8004E8493 /* AccessTokenInMemoryRepository.swift in Sources */ = {isa = PBXBuildFile; fileRef = 2791C38C22D5F6D8004E8493 /* AccessTokenInMemoryRepository.swift */; };
		CBD3EAB4BD3DFD49C5EB1CA3 /* Pods_SampleApp.framework in Frameworks */ = {isa = PBXBuildFile; fileRef = B46AE14EE30BD98F878E9156 /* Pods_SampleApp.framework */; };
/* End PBXBuildFile section */

/* Begin PBXContainerItemProxy section */
		276EC99A22CDD64B00D9B822 /* PBXContainerItemProxy */ = {
			isa = PBXContainerItemProxy;
			containerPortal = 276EC97D22CDD64A00D9B822 /* Project object */;
			proxyType = 1;
			remoteGlobalIDString = 276EC98422CDD64A00D9B822;
			remoteInfo = SampleApp;
		};
		276EC9A522CDD64B00D9B822 /* PBXContainerItemProxy */ = {
			isa = PBXContainerItemProxy;
			containerPortal = 276EC97D22CDD64A00D9B822 /* Project object */;
			proxyType = 1;
			remoteGlobalIDString = 276EC98422CDD64A00D9B822;
			remoteInfo = SampleApp;
		};
/* End PBXContainerItemProxy section */

/* Begin PBXCopyFilesBuildPhase section */
		2791C32522D5E059004E8493 /* Embed Frameworks */ = {
			isa = PBXCopyFilesBuildPhase;
			buildActionMask = 2147483647;
			dstPath = "";
			dstSubfolderSpec = 10;
			files = (
				2791C33222D5E08E004E8493 /* AdaptersCore.framework in Embed Frameworks */,
				2791C33A22D5E0CD004E8493 /* Shared.framework in Embed Frameworks */,
				2791C33E22D5E0D8004E8493 /* PersonsFeature.framework in Embed Frameworks */,
				2791C33622D5E0BB004E8493 /* AppCore.framework in Embed Frameworks */,
			);
			name = "Embed Frameworks";
			runOnlyForDeploymentPostprocessing = 0;
		};
/* End PBXCopyFilesBuildPhase section */

/* Begin PBXFileReference section */
		276EC98522CDD64A00D9B822 /* SampleApp.app */ = {isa = PBXFileReference; explicitFileType = wrapper.application; includeInIndex = 0; path = SampleApp.app; sourceTree = BUILT_PRODUCTS_DIR; };
		276EC98822CDD64A00D9B822 /* AppDelegate.swift */ = {isa = PBXFileReference; lastKnownFileType = sourcecode.swift; path = AppDelegate.swift; sourceTree = "<group>"; };
		276EC98F22CDD64B00D9B822 /* Assets.xcassets */ = {isa = PBXFileReference; lastKnownFileType = folder.assetcatalog; path = Assets.xcassets; sourceTree = "<group>"; };
		276EC99222CDD64B00D9B822 /* Base */ = {isa = PBXFileReference; lastKnownFileType = file.storyboard; name = Base; path = Base.lproj/LaunchScreen.storyboard; sourceTree = "<group>"; };
		276EC99422CDD64B00D9B822 /* Info.plist */ = {isa = PBXFileReference; lastKnownFileType = text.plist.xml; path = Info.plist; sourceTree = "<group>"; };
		276EC99922CDD64B00D9B822 /* SampleAppTests.xctest */ = {isa = PBXFileReference; explicitFileType = wrapper.cfbundle; includeInIndex = 0; path = SampleAppTests.xctest; sourceTree = BUILT_PRODUCTS_DIR; };
		276EC99D22CDD64B00D9B822 /* SampleAppTests.swift */ = {isa = PBXFileReference; lastKnownFileType = sourcecode.swift; path = SampleAppTests.swift; sourceTree = "<group>"; };
		276EC99F22CDD64B00D9B822 /* Info.plist */ = {isa = PBXFileReference; lastKnownFileType = text.plist.xml; path = Info.plist; sourceTree = "<group>"; };
		276EC9A422CDD64B00D9B822 /* SampleAppUITests.xctest */ = {isa = PBXFileReference; explicitFileType = wrapper.cfbundle; includeInIndex = 0; path = SampleAppUITests.xctest; sourceTree = BUILT_PRODUCTS_DIR; };
		276EC9A822CDD64B00D9B822 /* SampleAppUITests.swift */ = {isa = PBXFileReference; lastKnownFileType = sourcecode.swift; path = SampleAppUITests.swift; sourceTree = "<group>"; };
		276EC9AA22CDD64B00D9B822 /* Info.plist */ = {isa = PBXFileReference; lastKnownFileType = text.plist.xml; path = Info.plist; sourceTree = "<group>"; };
		2791C2F822D5DD92004E8493 /* ViewController.swift */ = {isa = PBXFileReference; lastKnownFileType = sourcecode.swift; path = ViewController.swift; sourceTree = "<group>"; };
		2791C2FB22D5DDD6004E8493 /* Theme.swift */ = {isa = PBXFileReference; lastKnownFileType = sourcecode.swift; path = Theme.swift; sourceTree = "<group>"; };
		2791C2FD22D5DDEE004E8493 /* Theme+Label.swift */ = {isa = PBXFileReference; lastKnownFileType = sourcecode.swift; path = "Theme+Label.swift"; sourceTree = "<group>"; };
		2791C30022D5DE1B004E8493 /* UIColor+Hex.swift */ = {isa = PBXFileReference; lastKnownFileType = sourcecode.swift; path = "UIColor+Hex.swift"; sourceTree = "<group>"; };
		2791C30422D5DE7A004E8493 /* StoryboardSceneBased.swift */ = {isa = PBXFileReference; fileEncoding = 4; lastKnownFileType = sourcecode.swift; path = StoryboardSceneBased.swift; sourceTree = "<group>"; };
		2791C30522D5DE7A004E8493 /* StoryboardBased.swift */ = {isa = PBXFileReference; fileEncoding = 4; lastKnownFileType = sourcecode.swift; path = StoryboardBased.swift; sourceTree = "<group>"; };
		2791C30722D5DE7A004E8493 /* UICollectionView+Reusable.swift */ = {isa = PBXFileReference; fileEncoding = 4; lastKnownFileType = sourcecode.swift; path = "UICollectionView+Reusable.swift"; sourceTree = "<group>"; };
		2791C30822D5DE7A004E8493 /* Reusable.swift */ = {isa = PBXFileReference; fileEncoding = 4; lastKnownFileType = sourcecode.swift; path = Reusable.swift; sourceTree = "<group>"; };
		2791C30922D5DE7A004E8493 /* UITableView+Reusable.swift */ = {isa = PBXFileReference; fileEncoding = 4; lastKnownFileType = sourcecode.swift; path = "UITableView+Reusable.swift"; sourceTree = "<group>"; };
		2791C30A22D5DE7A004E8493 /* NibLoadable.swift */ = {isa = PBXFileReference; fileEncoding = 4; lastKnownFileType = sourcecode.swift; path = NibLoadable.swift; sourceTree = "<group>"; };
		2791C30B22D5DE7A004E8493 /* NibOwnerLoadable.swift */ = {isa = PBXFileReference; fileEncoding = 4; lastKnownFileType = sourcecode.swift; path = NibOwnerLoadable.swift; sourceTree = "<group>"; };
		2791C31322D5DEA6004E8493 /* NavigationController.swift */ = {isa = PBXFileReference; lastKnownFileType = sourcecode.swift; path = NavigationController.swift; sourceTree = "<group>"; };
		2791C31522D5DEC1004E8493 /* Theme+Colors.swift */ = {isa = PBXFileReference; lastKnownFileType = sourcecode.swift; path = "Theme+Colors.swift"; sourceTree = "<group>"; };
		2791C31722D5DF6D004E8493 /* Theme+NavigationBar.swift */ = {isa = PBXFileReference; lastKnownFileType = sourcecode.swift; path = "Theme+NavigationBar.swift"; sourceTree = "<group>"; };
		2791C31922D5DFEA004E8493 /* Theme+Button.swift */ = {isa = PBXFileReference; lastKnownFileType = sourcecode.swift; path = "Theme+Button.swift"; sourceTree = "<group>"; };
		2791C31C22D5E034004E8493 /* ButtonActionView.swift */ = {isa = PBXFileReference; fileEncoding = 4; lastKnownFileType = sourcecode.swift; path = ButtonActionView.swift; sourceTree = "<group>"; };
		2791C31D22D5E034004E8493 /* ButtonActionView.xib */ = {isa = PBXFileReference; fileEncoding = 4; lastKnownFileType = file.xib; path = ButtonActionView.xib; sourceTree = "<group>"; };
		2791C32F22D5E08A004E8493 /* AdaptersCore.framework */ = {isa = PBXFileReference; explicitFileType = wrapper.framework; path = AdaptersCore.framework; sourceTree = BUILT_PRODUCTS_DIR; };
		2791C33322D5E0B7004E8493 /* AppCore.framework */ = {isa = PBXFileReference; explicitFileType = wrapper.framework; path = AppCore.framework; sourceTree = BUILT_PRODUCTS_DIR; };
		2791C33722D5E0C9004E8493 /* Shared.framework */ = {isa = PBXFileReference; explicitFileType = wrapper.framework; path = Shared.framework; sourceTree = BUILT_PRODUCTS_DIR; };
		2791C33B22D5E0D4004E8493 /* PersonsFeature.framework */ = {isa = PBXFileReference; explicitFileType = wrapper.framework; path = PersonsFeature.framework; sourceTree = BUILT_PRODUCTS_DIR; };
		2791C34022D5E1B2004E8493 /* TextInputController.swift */ = {isa = PBXFileReference; lastKnownFileType = sourcecode.swift; path = TextInputController.swift; sourceTree = "<group>"; };
		2791C34222D5E1CD004E8493 /* TextFieldFirstResponderController.swift */ = {isa = PBXFileReference; lastKnownFileType = sourcecode.swift; path = TextFieldFirstResponderController.swift; sourceTree = "<group>"; };
		2791C34422D5E1E6004E8493 /* TextViewFirstResponderController.swift */ = {isa = PBXFileReference; lastKnownFileType = sourcecode.swift; path = TextViewFirstResponderController.swift; sourceTree = "<group>"; };
		2791C34622D5E213004E8493 /* UIView+TextInputFirstResponder.swift */ = {isa = PBXFileReference; lastKnownFileType = sourcecode.swift; path = "UIView+TextInputFirstResponder.swift"; sourceTree = "<group>"; };
		2791C34822D5E29F004E8493 /* ScrollViewKeyboardController.swift */ = {isa = PBXFileReference; lastKnownFileType = sourcecode.swift; path = ScrollViewKeyboardController.swift; sourceTree = "<group>"; };
		2791C34A22D5E2DA004E8493 /* AlertController.swift */ = {isa = PBXFileReference; lastKnownFileType = sourcecode.swift; path = AlertController.swift; sourceTree = "<group>"; };
		2791C34C22D5E344004E8493 /* UIAlertController+Extensions.swift */ = {isa = PBXFileReference; lastKnownFileType = sourcecode.swift; path = "UIAlertController+Extensions.swift"; sourceTree = "<group>"; };
		2791C34E22D5E49E004E8493 /* TableViewController.swift */ = {isa = PBXFileReference; lastKnownFileType = sourcecode.swift; path = TableViewController.swift; sourceTree = "<group>"; };
		2791C35022D5E56E004E8493 /* Theme+TableView.swift */ = {isa = PBXFileReference; lastKnownFileType = sourcecode.swift; path = "Theme+TableView.swift"; sourceTree = "<group>"; };
		2791C35522D5E714004E8493 /* PersonsListScreenView.swift */ = {isa = PBXFileReference; lastKnownFileType = sourcecode.swift; path = PersonsListScreenView.swift; sourceTree = "<group>"; };
		2791C35722D5E72D004E8493 /* PersonsListScreenViewFactory.swift */ = {isa = PBXFileReference; lastKnownFileType = sourcecode.swift; path = PersonsListScreenViewFactory.swift; sourceTree = "<group>"; };
		2791C35B22D5E78B004E8493 /* ScreenType.swift */ = {isa = PBXFileReference; lastKnownFileType = sourcecode.swift; path = ScreenType.swift; sourceTree = "<group>"; };
		2791C35D22D5E7A0004E8493 /* ScreenProperties.swift */ = {isa = PBXFileReference; lastKnownFileType = sourcecode.swift; path = ScreenProperties.swift; sourceTree = "<group>"; };
		2791C36022D5E80A004E8493 /* NavigationPresenter.swift */ = {isa = PBXFileReference; lastKnownFileType = sourcecode.swift; path = NavigationPresenter.swift; sourceTree = "<group>"; };
		2791C36222D5E81D004E8493 /* NavigationPresenter+Screen.swift */ = {isa = PBXFileReference; lastKnownFileType = sourcecode.swift; path = "NavigationPresenter+Screen.swift"; sourceTree = "<group>"; };
		2791C36422D5E82F004E8493 /* NavigationPresenter+Delegate.swift */ = {isa = PBXFileReference; lastKnownFileType = sourcecode.swift; path = "NavigationPresenter+Delegate.swift"; sourceTree = "<group>"; };
		2791C36622D5E8C7004E8493 /* ModalPresenter.swift */ = {isa = PBXFileReference; lastKnownFileType = sourcecode.swift; path = ModalPresenter.swift; sourceTree = "<group>"; };
		2791C36822D5E8DF004E8493 /* ModalPresenter+Screen.swift */ = {isa = PBXFileReference; lastKnownFileType = sourcecode.swift; path = "ModalPresenter+Screen.swift"; sourceTree = "<group>"; };
		2791C36D22D5EA01004E8493 /* InkTableViewCell.swift */ = {isa = PBXFileReference; lastKnownFileType = sourcecode.swift; path = InkTableViewCell.swift; sourceTree = "<group>"; };
		2791C36F22D5EA13004E8493 /* TableViewCells.swift */ = {isa = PBXFileReference; lastKnownFileType = sourcecode.swift; path = TableViewCells.swift; sourceTree = "<group>"; };
		2791C37122D5EA26004E8493 /* ContainerTableViewCell.swift */ = {isa = PBXFileReference; lastKnownFileType = sourcecode.swift; path = ContainerTableViewCell.swift; sourceTree = "<group>"; };
		2791C37322D5EA47004E8493 /* UIView+Containment.swift */ = {isa = PBXFileReference; lastKnownFileType = sourcecode.swift; path = "UIView+Containment.swift"; sourceTree = "<group>"; };
		2791C37722D5EBA1004E8493 /* ProgressHUD.swift */ = {isa = PBXFileReference; lastKnownFileType = sourcecode.swift; path = ProgressHUD.swift; sourceTree = "<group>"; };
		2791C37922D5ED6B004E8493 /* PersonsListScreenViewDelegate.swift */ = {isa = PBXFileReference; lastKnownFileType = sourcecode.swift; path = PersonsListScreenViewDelegate.swift; sourceTree = "<group>"; };
		2791C37B22D5EF66004E8493 /* PersonsListDataSourceAdapter.swift */ = {isa = PBXFileReference; lastKnownFileType = sourcecode.swift; path = PersonsListDataSourceAdapter.swift; sourceTree = "<group>"; };
		2791C37F22D5F246004E8493 /* PersonsFlowController.swift */ = {isa = PBXFileReference; lastKnownFileType = sourcecode.swift; path = PersonsFlowController.swift; sourceTree = "<group>"; };
		2791C38122D5F265004E8493 /* FlowController.swift */ = {isa = PBXFileReference; lastKnownFileType = sourcecode.swift; path = FlowController.swift; sourceTree = "<group>"; };
		2791C38322D5F2A2004E8493 /* PersonsFlowController+List.swift */ = {isa = PBXFileReference; lastKnownFileType = sourcecode.swift; path = "PersonsFlowController+List.swift"; sourceTree = "<group>"; };
		2791C38522D5F314004E8493 /* RootFlowController.swift */ = {isa = PBXFileReference; lastKnownFileType = sourcecode.swift; path = RootFlowController.swift; sourceTree = "<group>"; };
		2791C38722D5F50F004E8493 /* ApplicationSetup.swift */ = {isa = PBXFileReference; lastKnownFileType = sourcecode.swift; path = ApplicationSetup.swift; sourceTree = "<group>"; };
		2791C38922D5F61F004E8493 /* ApplicationContainerFactory.swift */ = {isa = PBXFileReference; lastKnownFileType = sourcecode.swift; path = ApplicationContainerFactory.swift; sourceTree = "<group>"; };
		2791C38C22D5F6D8004E8493 /* AccessTokenInMemoryRepository.swift */ = {isa = PBXFileReference; lastKnownFileType = sourcecode.swift; path = AccessTokenInMemoryRepository.swift; sourceTree = "<group>"; };
		7DB7B025C83A3EA260B98639 /* Pods-SampleApp.release.xcconfig */ = {isa = PBXFileReference; includeInIndex = 1; lastKnownFileType = text.xcconfig; name = "Pods-SampleApp.release.xcconfig"; path = "Target Support Files/Pods-SampleApp/Pods-SampleApp.release.xcconfig"; sourceTree = "<group>"; };
		B46AE14EE30BD98F878E9156 /* Pods_SampleApp.framework */ = {isa = PBXFileReference; explicitFileType = wrapper.framework; includeInIndex = 0; path = Pods_SampleApp.framework; sourceTree = BUILT_PRODUCTS_DIR; };
		D7E6DD95AC869891605C1E26 /* Pods-SampleApp.debug.xcconfig */ = {isa = PBXFileReference; includeInIndex = 1; lastKnownFileType = text.xcconfig; name = "Pods-SampleApp.debug.xcconfig"; path = "Target Support Files/Pods-SampleApp/Pods-SampleApp.debug.xcconfig"; sourceTree = "<group>"; };
/* End PBXFileReference section */

/* Begin PBXFrameworksBuildPhase section */
		276EC98222CDD64A00D9B822 /* Frameworks */ = {
			isa = PBXFrameworksBuildPhase;
			buildActionMask = 2147483647;
			files = (
				2791C33C22D5E0D4004E8493 /* PersonsFeature.framework in Frameworks */,
				2791C33822D5E0C9004E8493 /* Shared.framework in Frameworks */,
				2791C33422D5E0B7004E8493 /* AppCore.framework in Frameworks */,
				CBD3EAB4BD3DFD49C5EB1CA3 /* Pods_SampleApp.framework in Frameworks */,
				2791C33122D5E08E004E8493 /* AdaptersCore.framework in Frameworks */,
			);
			runOnlyForDeploymentPostprocessing = 0;
		};
		276EC99622CDD64B00D9B822 /* Frameworks */ = {
			isa = PBXFrameworksBuildPhase;
			buildActionMask = 2147483647;
			files = (
			);
			runOnlyForDeploymentPostprocessing = 0;
		};
		276EC9A122CDD64B00D9B822 /* Frameworks */ = {
			isa = PBXFrameworksBuildPhase;
			buildActionMask = 2147483647;
			files = (
			);
			runOnlyForDeploymentPostprocessing = 0;
		};
/* End PBXFrameworksBuildPhase section */

/* Begin PBXGroup section */
		276EC97C22CDD64A00D9B822 = {
			isa = PBXGroup;
			children = (
				276EC98722CDD64A00D9B822 /* SampleApp */,
				276EC99C22CDD64B00D9B822 /* SampleAppTests */,
				276EC9A722CDD64B00D9B822 /* SampleAppUITests */,
				276EC98622CDD64A00D9B822 /* Products */,
				71BE978F77DAC82D5B1F35BB /* Pods */,
				4BF0DC27BEE4744756BD2CB2 /* Frameworks */,
			);
			sourceTree = "<group>";
		};
		276EC98622CDD64A00D9B822 /* Products */ = {
			isa = PBXGroup;
			children = (
				276EC98522CDD64A00D9B822 /* SampleApp.app */,
				276EC99922CDD64B00D9B822 /* SampleAppTests.xctest */,
				276EC9A422CDD64B00D9B822 /* SampleAppUITests.xctest */,
			);
			name = Products;
			sourceTree = "<group>";
		};
		276EC98722CDD64A00D9B822 /* SampleApp */ = {
			isa = PBXGroup;
			children = (
				2791C36A22D5E9AB004E8493 /* Application */,
				2791C37D22D5F22D004E8493 /* Flows */,
				2791C35222D5E6D8004E8493 /* Screens */,
				2791C2F622D5DD63004E8493 /* Components */,
				276EC98822CDD64A00D9B822 /* AppDelegate.swift */,
				276EC98F22CDD64B00D9B822 /* Assets.xcassets */,
				276EC99122CDD64B00D9B822 /* LaunchScreen.storyboard */,
				276EC99422CDD64B00D9B822 /* Info.plist */,
			);
			path = SampleApp;
			sourceTree = "<group>";
		};
		276EC99C22CDD64B00D9B822 /* SampleAppTests */ = {
			isa = PBXGroup;
			children = (
				276EC99D22CDD64B00D9B822 /* SampleAppTests.swift */,
				276EC99F22CDD64B00D9B822 /* Info.plist */,
			);
			path = SampleAppTests;
			sourceTree = "<group>";
		};
		276EC9A722CDD64B00D9B822 /* SampleAppUITests */ = {
			isa = PBXGroup;
			children = (
				276EC9A822CDD64B00D9B822 /* SampleAppUITests.swift */,
				276EC9AA22CDD64B00D9B822 /* Info.plist */,
			);
			path = SampleAppUITests;
			sourceTree = "<group>";
		};
		2791C2F622D5DD63004E8493 /* Components */ = {
			isa = PBXGroup;
			children = (
				2791C37622D5EB94004E8493 /* ProgressHUD */,
				2791C36B22D5E9E3004E8493 /* TableView */,
				2791C35F22D5E7DB004E8493 /* Presenters */,
				2791C35A22D5E77E004E8493 /* Screen */,
				2791C33F22D5E1A4004E8493 /* Controllers */,
				2791C31B22D5E006004E8493 /* Controls */,
				2791C2FF22D5DE04004E8493 /* Extensions */,
				2791C2FA22D5DDC0004E8493 /* Theme */,
				2791C2F722D5DD70004E8493 /* ViewControllers */,
			);
			path = Components;
			sourceTree = "<group>";
		};
		2791C2F722D5DD70004E8493 /* ViewControllers */ = {
			isa = PBXGroup;
			children = (
				2791C2F822D5DD92004E8493 /* ViewController.swift */,
				2791C31322D5DEA6004E8493 /* NavigationController.swift */,
				2791C34E22D5E49E004E8493 /* TableViewController.swift */,
			);
			path = ViewControllers;
			sourceTree = "<group>";
		};
		2791C2FA22D5DDC0004E8493 /* Theme */ = {
			isa = PBXGroup;
			children = (
				2791C2FB22D5DDD6004E8493 /* Theme.swift */,
				2791C31522D5DEC1004E8493 /* Theme+Colors.swift */,
				2791C2FD22D5DDEE004E8493 /* Theme+Label.swift */,
				2791C31722D5DF6D004E8493 /* Theme+NavigationBar.swift */,
				2791C31922D5DFEA004E8493 /* Theme+Button.swift */,
				2791C35022D5E56E004E8493 /* Theme+TableView.swift */,
			);
			path = Theme;
			sourceTree = "<group>";
		};
		2791C2FF22D5DE04004E8493 /* Extensions */ = {
			isa = PBXGroup;
			children = (
				2791C30222D5DE7A004E8493 /* Reusable */,
				2791C30022D5DE1B004E8493 /* UIColor+Hex.swift */,
				2791C34622D5E213004E8493 /* UIView+TextInputFirstResponder.swift */,
				2791C34C22D5E344004E8493 /* UIAlertController+Extensions.swift */,
				2791C37322D5EA47004E8493 /* UIView+Containment.swift */,
			);
			path = Extensions;
			sourceTree = "<group>";
		};
		2791C30222D5DE7A004E8493 /* Reusable */ = {
			isa = PBXGroup;
			children = (
				2791C30322D5DE7A004E8493 /* Storyboard */,
				2791C30622D5DE7A004E8493 /* View */,
			);
			path = Reusable;
			sourceTree = "<group>";
		};
		2791C30322D5DE7A004E8493 /* Storyboard */ = {
			isa = PBXGroup;
			children = (
				2791C30422D5DE7A004E8493 /* StoryboardSceneBased.swift */,
				2791C30522D5DE7A004E8493 /* StoryboardBased.swift */,
			);
			path = Storyboard;
			sourceTree = "<group>";
		};
		2791C30622D5DE7A004E8493 /* View */ = {
			isa = PBXGroup;
			children = (
				2791C30722D5DE7A004E8493 /* UICollectionView+Reusable.swift */,
				2791C30822D5DE7A004E8493 /* Reusable.swift */,
				2791C30922D5DE7A004E8493 /* UITableView+Reusable.swift */,
				2791C30A22D5DE7A004E8493 /* NibLoadable.swift */,
				2791C30B22D5DE7A004E8493 /* NibOwnerLoadable.swift */,
			);
			path = View;
			sourceTree = "<group>";
		};
		2791C31B22D5E006004E8493 /* Controls */ = {
			isa = PBXGroup;
			children = (
				2791C31C22D5E034004E8493 /* ButtonActionView.swift */,
				2791C31D22D5E034004E8493 /* ButtonActionView.xib */,
			);
			path = Controls;
			sourceTree = "<group>";
		};
		2791C33F22D5E1A4004E8493 /* Controllers */ = {
			isa = PBXGroup;
			children = (
				2791C34022D5E1B2004E8493 /* TextInputController.swift */,
				2791C34222D5E1CD004E8493 /* TextFieldFirstResponderController.swift */,
				2791C34422D5E1E6004E8493 /* TextViewFirstResponderController.swift */,
				2791C34822D5E29F004E8493 /* ScrollViewKeyboardController.swift */,
				2791C34A22D5E2DA004E8493 /* AlertController.swift */,
			);
			path = Controllers;
			sourceTree = "<group>";
		};
		2791C35222D5E6D8004E8493 /* Screens */ = {
			isa = PBXGroup;
			children = (
				2791C35322D5E6F7004E8493 /* Persons */,
			);
			path = Screens;
			sourceTree = "<group>";
		};
		2791C35322D5E6F7004E8493 /* Persons */ = {
			isa = PBXGroup;
			children = (
				2791C35422D5E6FC004E8493 /* List */,
			);
			path = Persons;
			sourceTree = "<group>";
		};
		2791C35422D5E6FC004E8493 /* List */ = {
			isa = PBXGroup;
			children = (
				2791C37522D5EA58004E8493 /* Views */,
				2791C37922D5ED6B004E8493 /* PersonsListScreenViewDelegate.swift */,
				2791C37B22D5EF66004E8493 /* PersonsListDataSourceAdapter.swift */,
				2791C35522D5E714004E8493 /* PersonsListScreenView.swift */,
				2791C35722D5E72D004E8493 /* PersonsListScreenViewFactory.swift */,
			);
			path = List;
			sourceTree = "<group>";
		};
		2791C35A22D5E77E004E8493 /* Screen */ = {
			isa = PBXGroup;
			children = (
				2791C35B22D5E78B004E8493 /* ScreenType.swift */,
				2791C35D22D5E7A0004E8493 /* ScreenProperties.swift */,
			);
			path = Screen;
			sourceTree = "<group>";
		};
		2791C35F22D5E7DB004E8493 /* Presenters */ = {
			isa = PBXGroup;
			children = (
				2791C36022D5E80A004E8493 /* NavigationPresenter.swift */,
				2791C36222D5E81D004E8493 /* NavigationPresenter+Screen.swift */,
				2791C36422D5E82F004E8493 /* NavigationPresenter+Delegate.swift */,
				2791C36622D5E8C7004E8493 /* ModalPresenter.swift */,
				2791C36822D5E8DF004E8493 /* ModalPresenter+Screen.swift */,
			);
			path = Presenters;
			sourceTree = "<group>";
		};
		2791C36A22D5E9AB004E8493 /* Application */ = {
			isa = PBXGroup;
			children = (
				2791C38B22D5F6C5004E8493 /* Repositories */,
				2791C38722D5F50F004E8493 /* ApplicationSetup.swift */,
				2791C38922D5F61F004E8493 /* ApplicationContainerFactory.swift */,
			);
			path = Application;
			sourceTree = "<group>";
		};
		2791C36B22D5E9E3004E8493 /* TableView */ = {
			isa = PBXGroup;
			children = (
				2791C36C22D5E9EB004E8493 /* Cells */,
			);
			path = TableView;
			sourceTree = "<group>";
		};
		2791C36C22D5E9EB004E8493 /* Cells */ = {
			isa = PBXGroup;
			children = (
				2791C36D22D5EA01004E8493 /* InkTableViewCell.swift */,
				2791C36F22D5EA13004E8493 /* TableViewCells.swift */,
				2791C37122D5EA26004E8493 /* ContainerTableViewCell.swift */,
			);
			path = Cells;
			sourceTree = "<group>";
		};
		2791C37522D5EA58004E8493 /* Views */ = {
			isa = PBXGroup;
			children = (
			);
			path = Views;
			sourceTree = "<group>";
		};
		2791C37622D5EB94004E8493 /* ProgressHUD */ = {
			isa = PBXGroup;
			children = (
				2791C37722D5EBA1004E8493 /* ProgressHUD.swift */,
			);
			path = ProgressHUD;
			sourceTree = "<group>";
		};
		2791C37D22D5F22D004E8493 /* Flows */ = {
			isa = PBXGroup;
			children = (
				2791C37E22D5F235004E8493 /* Persons */,
				2791C38122D5F265004E8493 /* FlowController.swift */,
				2791C38522D5F314004E8493 /* RootFlowController.swift */,
			);
			path = Flows;
			sourceTree = "<group>";
		};
		2791C37E22D5F235004E8493 /* Persons */ = {
			isa = PBXGroup;
			children = (
				2791C37F22D5F246004E8493 /* PersonsFlowController.swift */,
				2791C38322D5F2A2004E8493 /* PersonsFlowController+List.swift */,
			);
			path = Persons;
			sourceTree = "<group>";
		};
		2791C38B22D5F6C5004E8493 /* Repositories */ = {
			isa = PBXGroup;
			children = (
				2791C38C22D5F6D8004E8493 /* AccessTokenInMemoryRepository.swift */,
			);
			path = Repositories;
			sourceTree = "<group>";
		};
		4BF0DC27BEE4744756BD2CB2 /* Frameworks */ = {
			isa = PBXGroup;
			children = (
				2791C33B22D5E0D4004E8493 /* PersonsFeature.framework */,
				2791C33722D5E0C9004E8493 /* Shared.framework */,
				2791C33322D5E0B7004E8493 /* AppCore.framework */,
				2791C32F22D5E08A004E8493 /* AdaptersCore.framework */,
				B46AE14EE30BD98F878E9156 /* Pods_SampleApp.framework */,
			);
			name = Frameworks;
			sourceTree = "<group>";
		};
		71BE978F77DAC82D5B1F35BB /* Pods */ = {
			isa = PBXGroup;
			children = (
				D7E6DD95AC869891605C1E26 /* Pods-SampleApp.debug.xcconfig */,
				7DB7B025C83A3EA260B98639 /* Pods-SampleApp.release.xcconfig */,
			);
			name = Pods;
			path = ../Pods;
			sourceTree = "<group>";
		};
/* End PBXGroup section */

/* Begin PBXNativeTarget section */
		276EC98422CDD64A00D9B822 /* SampleApp */ = {
			isa = PBXNativeTarget;
			buildConfigurationList = 276EC9AD22CDD64B00D9B822 /* Build configuration list for PBXNativeTarget "SampleApp" */;
			buildPhases = (
				6CCFD3E3599B614CE1C6694D /* [CP] Check Pods Manifest.lock */,
				276EC98122CDD64A00D9B822 /* Sources */,
				276EC98222CDD64A00D9B822 /* Frameworks */,
				276EC98322CDD64A00D9B822 /* Resources */,
				695BDE0E6E2F66C471D0150B /* [CP] Embed Pods Frameworks */,
				2791C32522D5E059004E8493 /* Embed Frameworks */,
			);
			buildRules = (
			);
			dependencies = (
			);
			name = SampleApp;
			productName = SampleApp;
			productReference = 276EC98522CDD64A00D9B822 /* SampleApp.app */;
			productType = "com.apple.product-type.application";
		};
		276EC99822CDD64B00D9B822 /* SampleAppTests */ = {
			isa = PBXNativeTarget;
			buildConfigurationList = 276EC9B022CDD64B00D9B822 /* Build configuration list for PBXNativeTarget "SampleAppTests" */;
			buildPhases = (
				276EC99522CDD64B00D9B822 /* Sources */,
				276EC99622CDD64B00D9B822 /* Frameworks */,
				276EC99722CDD64B00D9B822 /* Resources */,
			);
			buildRules = (
			);
			dependencies = (
				276EC99B22CDD64B00D9B822 /* PBXTargetDependency */,
			);
			name = SampleAppTests;
			productName = SampleAppTests;
			productReference = 276EC99922CDD64B00D9B822 /* SampleAppTests.xctest */;
			productType = "com.apple.product-type.bundle.unit-test";
		};
		276EC9A322CDD64B00D9B822 /* SampleAppUITests */ = {
			isa = PBXNativeTarget;
			buildConfigurationList = 276EC9B322CDD64B00D9B822 /* Build configuration list for PBXNativeTarget "SampleAppUITests" */;
			buildPhases = (
				276EC9A022CDD64B00D9B822 /* Sources */,
				276EC9A122CDD64B00D9B822 /* Frameworks */,
				276EC9A222CDD64B00D9B822 /* Resources */,
			);
			buildRules = (
			);
			dependencies = (
				276EC9A622CDD64B00D9B822 /* PBXTargetDependency */,
			);
			name = SampleAppUITests;
			productName = SampleAppUITests;
			productReference = 276EC9A422CDD64B00D9B822 /* SampleAppUITests.xctest */;
			productType = "com.apple.product-type.bundle.ui-testing";
		};
/* End PBXNativeTarget section */

/* Begin PBXProject section */
		276EC97D22CDD64A00D9B822 /* Project object */ = {
			isa = PBXProject;
			attributes = {
				LastSwiftUpdateCheck = 1010;
				LastUpgradeCheck = 1010;
				ORGANIZATIONNAME = "Joachim Kret";
				TargetAttributes = {
					276EC98422CDD64A00D9B822 = {
						CreatedOnToolsVersion = 10.1;
					};
					276EC99822CDD64B00D9B822 = {
						CreatedOnToolsVersion = 10.1;
						TestTargetID = 276EC98422CDD64A00D9B822;
					};
					276EC9A322CDD64B00D9B822 = {
						CreatedOnToolsVersion = 10.1;
						TestTargetID = 276EC98422CDD64A00D9B822;
					};
				};
			};
			buildConfigurationList = 276EC98022CDD64A00D9B822 /* Build configuration list for PBXProject "SampleApp" */;
			compatibilityVersion = "Xcode 9.3";
			developmentRegion = en;
			hasScannedForEncodings = 0;
			knownRegions = (
				en,
				Base,
			);
			mainGroup = 276EC97C22CDD64A00D9B822;
			productRefGroup = 276EC98622CDD64A00D9B822 /* Products */;
			projectDirPath = "";
			projectRoot = "";
			targets = (
				276EC98422CDD64A00D9B822 /* SampleApp */,
				276EC99822CDD64B00D9B822 /* SampleAppTests */,
				276EC9A322CDD64B00D9B822 /* SampleAppUITests */,
			);
		};
/* End PBXProject section */

/* Begin PBXResourcesBuildPhase section */
		276EC98322CDD64A00D9B822 /* Resources */ = {
			isa = PBXResourcesBuildPhase;
			buildActionMask = 2147483647;
			files = (
				276EC99322CDD64B00D9B822 /* LaunchScreen.storyboard in Resources */,
				276EC99022CDD64B00D9B822 /* Assets.xcassets in Resources */,
				2791C31F22D5E034004E8493 /* ButtonActionView.xib in Resources */,
			);
			runOnlyForDeploymentPostprocessing = 0;
		};
		276EC99722CDD64B00D9B822 /* Resources */ = {
			isa = PBXResourcesBuildPhase;
			buildActionMask = 2147483647;
			files = (
			);
			runOnlyForDeploymentPostprocessing = 0;
		};
		276EC9A222CDD64B00D9B822 /* Resources */ = {
			isa = PBXResourcesBuildPhase;
			buildActionMask = 2147483647;
			files = (
			);
			runOnlyForDeploymentPostprocessing = 0;
		};
/* End PBXResourcesBuildPhase section */

/* Begin PBXShellScriptBuildPhase section */
		695BDE0E6E2F66C471D0150B /* [CP] Embed Pods Frameworks */ = {
			isa = PBXShellScriptBuildPhase;
			buildActionMask = 2147483647;
			files = (
			);
			inputFileListPaths = (
				"${PODS_ROOT}/Target Support Files/Pods-SampleApp/Pods-SampleApp-frameworks-${CONFIGURATION}-input-files.xcfilelist",
			);
			name = "[CP] Embed Pods Frameworks";
			outputFileListPaths = (
				"${PODS_ROOT}/Target Support Files/Pods-SampleApp/Pods-SampleApp-frameworks-${CONFIGURATION}-output-files.xcfilelist",
			);
			runOnlyForDeploymentPostprocessing = 0;
			shellPath = /bin/sh;
			shellScript = "\"${PODS_ROOT}/Target Support Files/Pods-SampleApp/Pods-SampleApp-frameworks.sh\"\n";
			showEnvVarsInLog = 0;
		};
		6CCFD3E3599B614CE1C6694D /* [CP] Check Pods Manifest.lock */ = {
			isa = PBXShellScriptBuildPhase;
			buildActionMask = 2147483647;
			files = (
			);
			inputFileListPaths = (
			);
			inputPaths = (
				"${PODS_PODFILE_DIR_PATH}/Podfile.lock",
				"${PODS_ROOT}/Manifest.lock",
			);
			name = "[CP] Check Pods Manifest.lock";
			outputFileListPaths = (
			);
			outputPaths = (
				"$(DERIVED_FILE_DIR)/Pods-SampleApp-checkManifestLockResult.txt",
			);
			runOnlyForDeploymentPostprocessing = 0;
			shellPath = /bin/sh;
			shellScript = "diff \"${PODS_PODFILE_DIR_PATH}/Podfile.lock\" \"${PODS_ROOT}/Manifest.lock\" > /dev/null\nif [ $? != 0 ] ; then\n    # print error to STDERR\n    echo \"error: The sandbox is not in sync with the Podfile.lock. Run 'pod install' or update your CocoaPods installation.\" >&2\n    exit 1\nfi\n# This output is used by Xcode 'outputs' to avoid re-running this script phase.\necho \"SUCCESS\" > \"${SCRIPT_OUTPUT_FILE_0}\"\n";
			showEnvVarsInLog = 0;
		};
/* End PBXShellScriptBuildPhase section */

/* Begin PBXSourcesBuildPhase section */
		276EC98122CDD64A00D9B822 /* Sources */ = {
			isa = PBXSourcesBuildPhase;
			buildActionMask = 2147483647;
			files = (
				2791C31022D5DE7A004E8493 /* UITableView+Reusable.swift in Sources */,
				2791C38A22D5F61F004E8493 /* ApplicationContainerFactory.swift in Sources */,
				2791C31822D5DF6D004E8493 /* Theme+NavigationBar.swift in Sources */,
				2791C31622D5DEC1004E8493 /* Theme+Colors.swift in Sources */,
				2791C38222D5F265004E8493 /* FlowController.swift in Sources */,
				2791C34522D5E1E6004E8493 /* TextViewFirstResponderController.swift in Sources */,
				2791C31222D5DE7A004E8493 /* NibOwnerLoadable.swift in Sources */,
				2791C35C22D5E78B004E8493 /* ScreenType.swift in Sources */,
				2791C2FC22D5DDD6004E8493 /* Theme.swift in Sources */,
				2791C35822D5E72D004E8493 /* PersonsListScreenViewFactory.swift in Sources */,
				2791C37422D5EA47004E8493 /* UIView+Containment.swift in Sources */,
				276EC98922CDD64A00D9B822 /* AppDelegate.swift in Sources */,
				2791C35622D5E714004E8493 /* PersonsListScreenView.swift in Sources */,
				2791C37A22D5ED6B004E8493 /* PersonsListScreenViewDelegate.swift in Sources */,
				2791C2FE22D5DDEE004E8493 /* Theme+Label.swift in Sources */,
				2791C38822D5F50F004E8493 /* ApplicationSetup.swift in Sources */,
				2791C31A22D5DFEA004E8493 /* Theme+Button.swift in Sources */,
				2791C34722D5E213004E8493 /* UIView+TextInputFirstResponder.swift in Sources */,
				2791C34D22D5E344004E8493 /* UIAlertController+Extensions.swift in Sources */,
				2791C38622D5F314004E8493 /* RootFlowController.swift in Sources */,
				2791C36922D5E8DF004E8493 /* ModalPresenter+Screen.swift in Sources */,
				2791C36722D5E8C7004E8493 /* ModalPresenter.swift in Sources */,
				2791C30F22D5DE7A004E8493 /* Reusable.swift in Sources */,
				2791C37822D5EBA1004E8493 /* ProgressHUD.swift in Sources */,
				2791C36522D5E82F004E8493 /* NavigationPresenter+Delegate.swift in Sources */,
				2791C36E22D5EA01004E8493 /* InkTableViewCell.swift in Sources */,
				2791C34B22D5E2DA004E8493 /* AlertController.swift in Sources */,
				2791C31122D5DE7A004E8493 /* NibLoadable.swift in Sources */,
				2791C36122D5E80A004E8493 /* NavigationPresenter.swift in Sources */,
				2791C31E22D5E034004E8493 /* ButtonActionView.swift in Sources */,
				2791C35E22D5E7A0004E8493 /* ScreenProperties.swift in Sources */,
				2791C38022D5F246004E8493 /* PersonsFlowController.swift in Sources */,
				2791C34322D5E1CD004E8493 /* TextFieldFirstResponderController.swift in Sources */,
				2791C34922D5E29F004E8493 /* ScrollViewKeyboardController.swift in Sources */,
				2791C37022D5EA13004E8493 /* TableViewCells.swift in Sources */,
				2791C38422D5F2A2004E8493 /* PersonsFlowController+List.swift in Sources */,
				2791C35122D5E56E004E8493 /* Theme+TableView.swift in Sources */,
				2791C38D22D5F6D8004E8493 /* AccessTokenInMemoryRepository.swift in Sources */,
				2791C2F922D5DD92004E8493 /* ViewController.swift in Sources */,
				2791C31422D5DEA6004E8493 /* NavigationController.swift in Sources */,
				2791C34122D5E1B2004E8493 /* TextInputController.swift in Sources */,
				2791C30122D5DE1B004E8493 /* UIColor+Hex.swift in Sources */,
				2791C30E22D5DE7A004E8493 /* UICollectionView+Reusable.swift in Sources */,
				2791C37222D5EA26004E8493 /* ContainerTableViewCell.swift in Sources */,
				2791C36322D5E81D004E8493 /* NavigationPresenter+Screen.swift in Sources */,
				2791C30C22D5DE7A004E8493 /* StoryboardSceneBased.swift in Sources */,
				2791C37C22D5EF66004E8493 /* PersonsListDataSourceAdapter.swift in Sources */,
				2791C34F22D5E49E004E8493 /* TableViewController.swift in Sources */,
				2791C30D22D5DE7A004E8493 /* StoryboardBased.swift in Sources */,
			);
			runOnlyForDeploymentPostprocessing = 0;
		};
		276EC99522CDD64B00D9B822 /* Sources */ = {
			isa = PBXSourcesBuildPhase;
			buildActionMask = 2147483647;
			files = (
				276EC99E22CDD64B00D9B822 /* SampleAppTests.swift in Sources */,
			);
			runOnlyForDeploymentPostprocessing = 0;
		};
		276EC9A022CDD64B00D9B822 /* Sources */ = {
			isa = PBXSourcesBuildPhase;
			buildActionMask = 2147483647;
			files = (
				276EC9A922CDD64B00D9B822 /* SampleAppUITests.swift in Sources */,
			);
			runOnlyForDeploymentPostprocessing = 0;
		};
/* End PBXSourcesBuildPhase section */

/* Begin PBXTargetDependency section */
		276EC99B22CDD64B00D9B822 /* PBXTargetDependency */ = {
			isa = PBXTargetDependency;
			target = 276EC98422CDD64A00D9B822 /* SampleApp */;
			targetProxy = 276EC99A22CDD64B00D9B822 /* PBXContainerItemProxy */;
		};
		276EC9A622CDD64B00D9B822 /* PBXTargetDependency */ = {
			isa = PBXTargetDependency;
			target = 276EC98422CDD64A00D9B822 /* SampleApp */;
			targetProxy = 276EC9A522CDD64B00D9B822 /* PBXContainerItemProxy */;
		};
/* End PBXTargetDependency section */

/* Begin PBXVariantGroup section */
		276EC99122CDD64B00D9B822 /* LaunchScreen.storyboard */ = {
			isa = PBXVariantGroup;
			children = (
				276EC99222CDD64B00D9B822 /* Base */,
			);
			name = LaunchScreen.storyboard;
			sourceTree = "<group>";
		};
/* End PBXVariantGroup section */

/* Begin XCBuildConfiguration section */
		276EC9AB22CDD64B00D9B822 /* Debug */ = {
			isa = XCBuildConfiguration;
			buildSettings = {
				ALWAYS_SEARCH_USER_PATHS = NO;
				CLANG_ANALYZER_NONNULL = YES;
				CLANG_ANALYZER_NUMBER_OBJECT_CONVERSION = YES_AGGRESSIVE;
				CLANG_CXX_LANGUAGE_STANDARD = "gnu++14";
				CLANG_CXX_LIBRARY = "libc++";
				CLANG_ENABLE_MODULES = YES;
				CLANG_ENABLE_OBJC_ARC = YES;
				CLANG_ENABLE_OBJC_WEAK = YES;
				CLANG_WARN_BLOCK_CAPTURE_AUTORELEASING = YES;
				CLANG_WARN_BOOL_CONVERSION = YES;
				CLANG_WARN_COMMA = YES;
				CLANG_WARN_CONSTANT_CONVERSION = YES;
				CLANG_WARN_DEPRECATED_OBJC_IMPLEMENTATIONS = YES;
				CLANG_WARN_DIRECT_OBJC_ISA_USAGE = YES_ERROR;
				CLANG_WARN_DOCUMENTATION_COMMENTS = YES;
				CLANG_WARN_EMPTY_BODY = YES;
				CLANG_WARN_ENUM_CONVERSION = YES;
				CLANG_WARN_INFINITE_RECURSION = YES;
				CLANG_WARN_INT_CONVERSION = YES;
				CLANG_WARN_NON_LITERAL_NULL_CONVERSION = YES;
				CLANG_WARN_OBJC_IMPLICIT_RETAIN_SELF = YES;
				CLANG_WARN_OBJC_LITERAL_CONVERSION = YES;
				CLANG_WARN_OBJC_ROOT_CLASS = YES_ERROR;
				CLANG_WARN_RANGE_LOOP_ANALYSIS = YES;
				CLANG_WARN_STRICT_PROTOTYPES = YES;
				CLANG_WARN_SUSPICIOUS_MOVE = YES;
				CLANG_WARN_UNGUARDED_AVAILABILITY = YES_AGGRESSIVE;
				CLANG_WARN_UNREACHABLE_CODE = YES;
				CLANG_WARN__DUPLICATE_METHOD_MATCH = YES;
				CODE_SIGN_IDENTITY = "iPhone Developer";
				COPY_PHASE_STRIP = NO;
				DEBUG_INFORMATION_FORMAT = dwarf;
				ENABLE_STRICT_OBJC_MSGSEND = YES;
				ENABLE_TESTABILITY = YES;
				GCC_C_LANGUAGE_STANDARD = gnu11;
				GCC_DYNAMIC_NO_PIC = NO;
				GCC_NO_COMMON_BLOCKS = YES;
				GCC_OPTIMIZATION_LEVEL = 0;
				GCC_PREPROCESSOR_DEFINITIONS = (
					"DEBUG=1",
					"$(inherited)",
				);
				GCC_WARN_64_TO_32_BIT_CONVERSION = YES;
				GCC_WARN_ABOUT_RETURN_TYPE = YES_ERROR;
				GCC_WARN_UNDECLARED_SELECTOR = YES;
				GCC_WARN_UNINITIALIZED_AUTOS = YES_AGGRESSIVE;
				GCC_WARN_UNUSED_FUNCTION = YES;
				GCC_WARN_UNUSED_VARIABLE = YES;
				IPHONEOS_DEPLOYMENT_TARGET = 12.1;
				MTL_ENABLE_DEBUG_INFO = INCLUDE_SOURCE;
				MTL_FAST_MATH = YES;
				ONLY_ACTIVE_ARCH = YES;
				SDKROOT = iphoneos;
				SWIFT_ACTIVE_COMPILATION_CONDITIONS = DEBUG;
				SWIFT_OPTIMIZATION_LEVEL = "-Onone";
			};
			name = Debug;
		};
		276EC9AC22CDD64B00D9B822 /* Release */ = {
			isa = XCBuildConfiguration;
			buildSettings = {
				ALWAYS_SEARCH_USER_PATHS = NO;
				CLANG_ANALYZER_NONNULL = YES;
				CLANG_ANALYZER_NUMBER_OBJECT_CONVERSION = YES_AGGRESSIVE;
				CLANG_CXX_LANGUAGE_STANDARD = "gnu++14";
				CLANG_CXX_LIBRARY = "libc++";
				CLANG_ENABLE_MODULES = YES;
				CLANG_ENABLE_OBJC_ARC = YES;
				CLANG_ENABLE_OBJC_WEAK = YES;
				CLANG_WARN_BLOCK_CAPTURE_AUTORELEASING = YES;
				CLANG_WARN_BOOL_CONVERSION = YES;
				CLANG_WARN_COMMA = YES;
				CLANG_WARN_CONSTANT_CONVERSION = YES;
				CLANG_WARN_DEPRECATED_OBJC_IMPLEMENTATIONS = YES;
				CLANG_WARN_DIRECT_OBJC_ISA_USAGE = YES_ERROR;
				CLANG_WARN_DOCUMENTATION_COMMENTS = YES;
				CLANG_WARN_EMPTY_BODY = YES;
				CLANG_WARN_ENUM_CONVERSION = YES;
				CLANG_WARN_INFINITE_RECURSION = YES;
				CLANG_WARN_INT_CONVERSION = YES;
				CLANG_WARN_NON_LITERAL_NULL_CONVERSION = YES;
				CLANG_WARN_OBJC_IMPLICIT_RETAIN_SELF = YES;
				CLANG_WARN_OBJC_LITERAL_CONVERSION = YES;
				CLANG_WARN_OBJC_ROOT_CLASS = YES_ERROR;
				CLANG_WARN_RANGE_LOOP_ANALYSIS = YES;
				CLANG_WARN_STRICT_PROTOTYPES = YES;
				CLANG_WARN_SUSPICIOUS_MOVE = YES;
				CLANG_WARN_UNGUARDED_AVAILABILITY = YES_AGGRESSIVE;
				CLANG_WARN_UNREACHABLE_CODE = YES;
				CLANG_WARN__DUPLICATE_METHOD_MATCH = YES;
				CODE_SIGN_IDENTITY = "iPhone Developer";
				COPY_PHASE_STRIP = NO;
				DEBUG_INFORMATION_FORMAT = "dwarf-with-dsym";
				ENABLE_NS_ASSERTIONS = NO;
				ENABLE_STRICT_OBJC_MSGSEND = YES;
				GCC_C_LANGUAGE_STANDARD = gnu11;
				GCC_NO_COMMON_BLOCKS = YES;
				GCC_WARN_64_TO_32_BIT_CONVERSION = YES;
				GCC_WARN_ABOUT_RETURN_TYPE = YES_ERROR;
				GCC_WARN_UNDECLARED_SELECTOR = YES;
				GCC_WARN_UNINITIALIZED_AUTOS = YES_AGGRESSIVE;
				GCC_WARN_UNUSED_FUNCTION = YES;
				GCC_WARN_UNUSED_VARIABLE = YES;
				IPHONEOS_DEPLOYMENT_TARGET = 12.1;
				MTL_ENABLE_DEBUG_INFO = NO;
				MTL_FAST_MATH = YES;
				SDKROOT = iphoneos;
				SWIFT_COMPILATION_MODE = wholemodule;
				SWIFT_OPTIMIZATION_LEVEL = "-O";
				VALIDATE_PRODUCT = YES;
			};
			name = Release;
		};
		276EC9AE22CDD64B00D9B822 /* Debug */ = {
			isa = XCBuildConfiguration;
			baseConfigurationReference = D7E6DD95AC869891605C1E26 /* Pods-SampleApp.debug.xcconfig */;
			buildSettings = {
				ASSETCATALOG_COMPILER_APPICON_NAME = AppIcon;
				CODE_SIGN_STYLE = Automatic;
				INFOPLIST_FILE = SampleApp/Info.plist;
				LD_RUNPATH_SEARCH_PATHS = (
					"$(inherited)",
					"@executable_path/Frameworks",
				);
				PRODUCT_BUNDLE_IDENTIFIER = JK.SampleApp;
				PRODUCT_NAME = "$(TARGET_NAME)";
				SWIFT_VERSION = 4.2;
				TARGETED_DEVICE_FAMILY = "1,2";
			};
			name = Debug;
		};
		276EC9AF22CDD64B00D9B822 /* Release */ = {
			isa = XCBuildConfiguration;
			baseConfigurationReference = 7DB7B025C83A3EA260B98639 /* Pods-SampleApp.release.xcconfig */;
			buildSettings = {
				ASSETCATALOG_COMPILER_APPICON_NAME = AppIcon;
				CODE_SIGN_STYLE = Automatic;
				INFOPLIST_FILE = SampleApp/Info.plist;
				LD_RUNPATH_SEARCH_PATHS = (
					"$(inherited)",
					"@executable_path/Frameworks",
				);
				PRODUCT_BUNDLE_IDENTIFIER = JK.SampleApp;
				PRODUCT_NAME = "$(TARGET_NAME)";
				SWIFT_VERSION = 4.2;
				TARGETED_DEVICE_FAMILY = "1,2";
			};
			name = Release;
		};
		276EC9B122CDD64B00D9B822 /* Debug */ = {
			isa = XCBuildConfiguration;
			buildSettings = {
				ALWAYS_EMBED_SWIFT_STANDARD_LIBRARIES = YES;
				BUNDLE_LOADER = "$(TEST_HOST)";
				CODE_SIGN_STYLE = Automatic;
				INFOPLIST_FILE = SampleAppTests/Info.plist;
				LD_RUNPATH_SEARCH_PATHS = (
					"$(inherited)",
					"@executable_path/Frameworks",
					"@loader_path/Frameworks",
				);
				PRODUCT_BUNDLE_IDENTIFIER = JK.SampleAppTests;
				PRODUCT_NAME = "$(TARGET_NAME)";
				SWIFT_VERSION = 4.2;
				TARGETED_DEVICE_FAMILY = "1,2";
				TEST_HOST = "$(BUILT_PRODUCTS_DIR)/SampleApp.app/SampleApp";
			};
			name = Debug;
		};
		276EC9B222CDD64B00D9B822 /* Release */ = {
			isa = XCBuildConfiguration;
			buildSettings = {
				ALWAYS_EMBED_SWIFT_STANDARD_LIBRARIES = YES;
				BUNDLE_LOADER = "$(TEST_HOST)";
				CODE_SIGN_STYLE = Automatic;
				INFOPLIST_FILE = SampleAppTests/Info.plist;
				LD_RUNPATH_SEARCH_PATHS = (
					"$(inherited)",
					"@executable_path/Frameworks",
					"@loader_path/Frameworks",
				);
				PRODUCT_BUNDLE_IDENTIFIER = JK.SampleAppTests;
				PRODUCT_NAME = "$(TARGET_NAME)";
				SWIFT_VERSION = 4.2;
				TARGETED_DEVICE_FAMILY = "1,2";
				TEST_HOST = "$(BUILT_PRODUCTS_DIR)/SampleApp.app/SampleApp";
			};
			name = Release;
		};
		276EC9B422CDD64B00D9B822 /* Debug */ = {
			isa = XCBuildConfiguration;
			buildSettings = {
				ALWAYS_EMBED_SWIFT_STANDARD_LIBRARIES = YES;
				CODE_SIGN_STYLE = Automatic;
				INFOPLIST_FILE = SampleAppUITests/Info.plist;
				LD_RUNPATH_SEARCH_PATHS = (
					"$(inherited)",
					"@executable_path/Frameworks",
					"@loader_path/Frameworks",
				);
				PRODUCT_BUNDLE_IDENTIFIER = JK.SampleAppUITests;
				PRODUCT_NAME = "$(TARGET_NAME)";
				SWIFT_VERSION = 4.2;
				TARGETED_DEVICE_FAMILY = "1,2";
				TEST_TARGET_NAME = SampleApp;
			};
			name = Debug;
		};
		276EC9B522CDD64B00D9B822 /* Release */ = {
			isa = XCBuildConfiguration;
			buildSettings = {
				ALWAYS_EMBED_SWIFT_STANDARD_LIBRARIES = YES;
				CODE_SIGN_STYLE = Automatic;
				INFOPLIST_FILE = SampleAppUITests/Info.plist;
				LD_RUNPATH_SEARCH_PATHS = (
					"$(inherited)",
					"@executable_path/Frameworks",
					"@loader_path/Frameworks",
				);
				PRODUCT_BUNDLE_IDENTIFIER = JK.SampleAppUITests;
				PRODUCT_NAME = "$(TARGET_NAME)";
				SWIFT_VERSION = 4.2;
				TARGETED_DEVICE_FAMILY = "1,2";
				TEST_TARGET_NAME = SampleApp;
			};
			name = Release;
		};
/* End XCBuildConfiguration section */

/* Begin XCConfigurationList section */
		276EC98022CDD64A00D9B822 /* Build configuration list for PBXProject "SampleApp" */ = {
			isa = XCConfigurationList;
			buildConfigurations = (
				276EC9AB22CDD64B00D9B822 /* Debug */,
				276EC9AC22CDD64B00D9B822 /* Release */,
			);
			defaultConfigurationIsVisible = 0;
			defaultConfigurationName = Release;
		};
		276EC9AD22CDD64B00D9B822 /* Build configuration list for PBXNativeTarget "SampleApp" */ = {
			isa = XCConfigurationList;
			buildConfigurations = (
				276EC9AE22CDD64B00D9B822 /* Debug */,
				276EC9AF22CDD64B00D9B822 /* Release */,
			);
			defaultConfigurationIsVisible = 0;
			defaultConfigurationName = Release;
		};
		276EC9B022CDD64B00D9B822 /* Build configuration list for PBXNativeTarget "SampleAppTests" */ = {
			isa = XCConfigurationList;
			buildConfigurations = (
				276EC9B122CDD64B00D9B822 /* Debug */,
				276EC9B222CDD64B00D9B822 /* Release */,
			);
			defaultConfigurationIsVisible = 0;
			defaultConfigurationName = Release;
		};
		276EC9B322CDD64B00D9B822 /* Build configuration list for PBXNativeTarget "SampleAppUITests" */ = {
			isa = XCConfigurationList;
			buildConfigurations = (
				276EC9B422CDD64B00D9B822 /* Debug */,
				276EC9B522CDD64B00D9B822 /* Release */,
			);
			defaultConfigurationIsVisible = 0;
			defaultConfigurationName = Release;
		};
/* End XCConfigurationList section */
	};
	rootObject = 276EC97D22CDD64A00D9B822 /* Project object */;
}
