// !$*UTF8*$!
{
	archiveVersion = 1;
	classes = {
	};
	objectVersion = 50;
	objects = {

/* Begin PBXBuildFile section */
		276EC90022CDD48600D9B822 /* Shared.framework in Frameworks */ = {isa = PBXBuildFile; fileRef = 276EC8F622CDD48600D9B822 /* Shared.framework */; };
		276EC90522CDD48600D9B822 /* SharedTests.swift in Sources */ = {isa = PBXBuildFile; fileRef = 276EC90422CDD48600D9B822 /* SharedTests.swift */; };
		276EC90722CDD48600D9B822 /* Shared.h in Headers */ = {isa = PBXBuildFile; fileRef = 276EC8F922CDD48600D9B822 /* Shared.h */; settings = {ATTRIBUTES = (Public, ); }; };
		276EC9DE22CDD89F00D9B822 /* ResultProtocol.swift in Sources */ = {isa = PBXBuildFile; fileRef = 276EC9C022CDD89F00D9B822 /* ResultProtocol.swift */; };
		276EC9DF22CDD89F00D9B822 /* Future.swift in Sources */ = {isa = PBXBuildFile; fileRef = 276EC9C122CDD89F00D9B822 /* Future.swift */; };
		276EC9E022CDD89F00D9B822 /* AsyncType.swift in Sources */ = {isa = PBXBuildFile; fileRef = 276EC9C222CDD89F00D9B822 /* AsyncType.swift */; };
		276EC9E122CDD89F00D9B822 /* AsyncType+ResultType.swift in Sources */ = {isa = PBXBuildFile; fileRef = 276EC9C322CDD89F00D9B822 /* AsyncType+ResultType.swift */; };
		276EC9E222CDD89F00D9B822 /* ExecutionContext.swift in Sources */ = {isa = PBXBuildFile; fileRef = 276EC9C422CDD89F00D9B822 /* ExecutionContext.swift */; };
		276EC9E322CDD89F00D9B822 /* Result+BrightFutures.swift in Sources */ = {isa = PBXBuildFile; fileRef = 276EC9C522CDD89F00D9B822 /* Result+BrightFutures.swift */; };
		276EC9E422CDD89F00D9B822 /* MutableAsyncType.swift in Sources */ = {isa = PBXBuildFile; fileRef = 276EC9C622CDD89F00D9B822 /* MutableAsyncType.swift */; };
		276EC9E522CDD89F00D9B822 /* NSOperationQueue+BrightFutures.swift in Sources */ = {isa = PBXBuildFile; fileRef = 276EC9C722CDD89F00D9B822 /* NSOperationQueue+BrightFutures.swift */; };
		276EC9E622CDD89F00D9B822 /* Async.swift in Sources */ = {isa = PBXBuildFile; fileRef = 276EC9C822CDD89F00D9B822 /* Async.swift */; };
		276EC9E722CDD89F00D9B822 /* Dispatch+BrightFutures.swift in Sources */ = {isa = PBXBuildFile; fileRef = 276EC9C922CDD89F00D9B822 /* Dispatch+BrightFutures.swift */; };
		276EC9E822CDD89F00D9B822 /* Promise.swift in Sources */ = {isa = PBXBuildFile; fileRef = 276EC9CA22CDD89F00D9B822 /* Promise.swift */; };
		276EC9E922CDD89F00D9B822 /* SequenceType+BrightFutures.swift in Sources */ = {isa = PBXBuildFile; fileRef = 276EC9CB22CDD89F00D9B822 /* SequenceType+BrightFutures.swift */; };
		276EC9EA22CDD89F00D9B822 /* Errors.swift in Sources */ = {isa = PBXBuildFile; fileRef = 276EC9CC22CDD89F00D9B822 /* Errors.swift */; };
		276EC9EB22CDD89F00D9B822 /* AsyncType+Debug.swift in Sources */ = {isa = PBXBuildFile; fileRef = 276EC9CD22CDD89F00D9B822 /* AsyncType+Debug.swift */; };
		276EC9EC22CDD89F00D9B822 /* InvalidationToken.swift in Sources */ = {isa = PBXBuildFile; fileRef = 276EC9CE22CDD89F00D9B822 /* InvalidationToken.swift */; };
		276EC9ED22CDD89F00D9B822 /* MutableAsyncType+ResultType.swift in Sources */ = {isa = PBXBuildFile; fileRef = 276EC9CF22CDD89F00D9B822 /* MutableAsyncType+ResultType.swift */; };
		276EC9F222CDD89F00D9B822 /* TaggedTime.swift in Sources */ = {isa = PBXBuildFile; fileRef = 276EC9D722CDD89F00D9B822 /* TaggedTime.swift */; };
		276EC9F322CDD89F00D9B822 /* Tagged.swift in Sources */ = {isa = PBXBuildFile; fileRef = 276EC9D922CDD89F00D9B822 /* Tagged.swift */; };
		276EC9F422CDD89F00D9B822 /* TaggedMoney.swift in Sources */ = {isa = PBXBuildFile; fileRef = 276EC9DB22CDD89F00D9B822 /* TaggedMoney.swift */; };
		276EC9F722CDD97B00D9B822 /* Result.swift in Sources */ = {isa = PBXBuildFile; fileRef = 276EC9F622CDD97B00D9B822 /* Result.swift */; };
		276EC9F922CDD9B600D9B822 /* Either.swift in Sources */ = {isa = PBXBuildFile; fileRef = 276EC9F822CDD9B600D9B822 /* Either.swift */; };
		276EC9FB22CDDBA900D9B822 /* Never.swift in Sources */ = {isa = PBXBuildFile; fileRef = 276EC9FA22CDDBA900D9B822 /* Never.swift */; };
		276EC9FE22CDDCCC00D9B822 /* Pair.swift in Sources */ = {isa = PBXBuildFile; fileRef = 276EC9FD22CDDCCC00D9B822 /* Pair.swift */; };
		276ECA0022CDDCDC00D9B822 /* Sort.swift in Sources */ = {isa = PBXBuildFile; fileRef = 276EC9FF22CDDCDC00D9B822 /* Sort.swift */; };
		276ECA0222CDDD0300D9B822 /* Filter.swift in Sources */ = {isa = PBXBuildFile; fileRef = 276ECA0122CDDD0300D9B822 /* Filter.swift */; };
		276ECA1622CDDFCA00D9B822 /* NonEmpty+Dictionary.swift in Sources */ = {isa = PBXBuildFile; fileRef = 276ECA0722CDDFCA00D9B822 /* NonEmpty+Dictionary.swift */; };
		276ECA1722CDDFCA00D9B822 /* NonEmpty+SetAlgebra.swift in Sources */ = {isa = PBXBuildFile; fileRef = 276ECA0822CDDFCA00D9B822 /* NonEmpty+SetAlgebra.swift */; };
		276ECA1822CDDFCA00D9B822 /* NonEmpty+Random.swift in Sources */ = {isa = PBXBuildFile; fileRef = 276ECA0922CDDFCA00D9B822 /* NonEmpty+Random.swift */; };
		276ECA1922CDDFCA00D9B822 /* NonEmpty+MutableCollection.swift in Sources */ = {isa = PBXBuildFile; fileRef = 276ECA0A22CDDFCA00D9B822 /* NonEmpty+MutableCollection.swift */; };
		276ECA1A22CDDFCA00D9B822 /* NonEmpty+String.swift in Sources */ = {isa = PBXBuildFile; fileRef = 276ECA0B22CDDFCA00D9B822 /* NonEmpty+String.swift */; };
		276ECA1B22CDDFCA00D9B822 /* NonEmpty+Comparable.swift in Sources */ = {isa = PBXBuildFile; fileRef = 276ECA0C22CDDFCA00D9B822 /* NonEmpty+Comparable.swift */; };
		276ECA1C22CDDFCA00D9B822 /* NonEmpty+Collection.swift in Sources */ = {isa = PBXBuildFile; fileRef = 276ECA0D22CDDFCA00D9B822 /* NonEmpty+Collection.swift */; };
		276ECA1D22CDDFCA00D9B822 /* NonEmpty+Array.swift in Sources */ = {isa = PBXBuildFile; fileRef = 276ECA0E22CDDFCA00D9B822 /* NonEmpty+Array.swift */; };
		276ECA1E22CDDFCA00D9B822 /* NonEmpty.swift in Sources */ = {isa = PBXBuildFile; fileRef = 276ECA0F22CDDFCA00D9B822 /* NonEmpty.swift */; };
		276ECA1F22CDDFCA00D9B822 /* NonEmpty+RandomAccessCollection.swift in Sources */ = {isa = PBXBuildFile; fileRef = 276ECA1022CDDFCA00D9B822 /* NonEmpty+RandomAccessCollection.swift */; };
		276ECA2022CDDFCA00D9B822 /* NonEmpty+RangeReplaceableCollection.swift in Sources */ = {isa = PBXBuildFile; fileRef = 276ECA1122CDDFCA00D9B822 /* NonEmpty+RangeReplaceableCollection.swift */; };
		276ECA2122CDDFCA00D9B822 /* NonEmpty+BidirectionalCollection.swift in Sources */ = {isa = PBXBuildFile; fileRef = 276ECA1222CDDFCA00D9B822 /* NonEmpty+BidirectionalCollection.swift */; };
		276ECA2522CDE49500D9B822 /* Optional+Extensions.swift in Sources */ = {isa = PBXBuildFile; fileRef = 276ECA2422CDE49500D9B822 /* Optional+Extensions.swift */; };
		276ECA2722CDE62000D9B822 /* DateFormatter+Extensions.swift in Sources */ = {isa = PBXBuildFile; fileRef = 276ECA2622CDE62000D9B822 /* DateFormatter+Extensions.swift */; };
		276ECA2922CDE63A00D9B822 /* TimeZone+Extensions.swift in Sources */ = {isa = PBXBuildFile; fileRef = 276ECA2822CDE63A00D9B822 /* TimeZone+Extensions.swift */; };
		276ECA2B22CDE65700D9B822 /* Collection+Extensions.swift in Sources */ = {isa = PBXBuildFile; fileRef = 276ECA2A22CDE65700D9B822 /* Collection+Extensions.swift */; };
		276ECA2D22CDE67E00D9B822 /* Decimal+Extensions.swift in Sources */ = {isa = PBXBuildFile; fileRef = 276ECA2C22CDE67E00D9B822 /* Decimal+Extensions.swift */; };
		276ECA3022CDE74900D9B822 /* Once.swift in Sources */ = {isa = PBXBuildFile; fileRef = 276ECA2F22CDE74900D9B822 /* Once.swift */; };
		276ECA3322CDE77100D9B822 /* Cancellable.swift in Sources */ = {isa = PBXBuildFile; fileRef = 276ECA3222CDE77100D9B822 /* Cancellable.swift */; };
		276ECA3D22CDEE2900D9B822 /* Optional.swift in Sources */ = {isa = PBXBuildFile; fileRef = 276ECA3522CDEE2900D9B822 /* Optional.swift */; };
		276ECA3E22CDEE2900D9B822 /* Uncurry.swift in Sources */ = {isa = PBXBuildFile; fileRef = 276ECA3622CDEE2900D9B822 /* Uncurry.swift */; };
		276ECA3F22CDEE2900D9B822 /* With.swift in Sources */ = {isa = PBXBuildFile; fileRef = 276ECA3722CDEE2900D9B822 /* With.swift */; };
		276ECA4022CDEE2900D9B822 /* Pipe.swift in Sources */ = {isa = PBXBuildFile; fileRef = 276ECA3822CDEE2900D9B822 /* Pipe.swift */; };
		276ECA4122CDEE2900D9B822 /* Concat.swift in Sources */ = {isa = PBXBuildFile; fileRef = 276ECA3922CDEE2900D9B822 /* Concat.swift */; };
		276ECA4222CDEE2900D9B822 /* Compose.swift in Sources */ = {isa = PBXBuildFile; fileRef = 276ECA3A22CDEE2900D9B822 /* Compose.swift */; };
		276ECA4322CDEE2900D9B822 /* Curry.swift in Sources */ = {isa = PBXBuildFile; fileRef = 276ECA3B22CDEE2900D9B822 /* Curry.swift */; };
/* End PBXBuildFile section */

/* Begin PBXContainerItemProxy section */
		276EC90122CDD48600D9B822 /* PBXContainerItemProxy */ = {
			isa = PBXContainerItemProxy;
			containerPortal = 276EC8ED22CDD48500D9B822 /* Project object */;
			proxyType = 1;
			remoteGlobalIDString = 276EC8F522CDD48600D9B822;
			remoteInfo = Shared;
		};
/* End PBXContainerItemProxy section */

/* Begin PBXFileReference section */
		276EC8F622CDD48600D9B822 /* Shared.framework */ = {isa = PBXFileReference; explicitFileType = wrapper.framework; includeInIndex = 0; path = Shared.framework; sourceTree = BUILT_PRODUCTS_DIR; };
		276EC8F922CDD48600D9B822 /* Shared.h */ = {isa = PBXFileReference; lastKnownFileType = sourcecode.c.h; path = Shared.h; sourceTree = "<group>"; };
		276EC8FA22CDD48600D9B822 /* Info.plist */ = {isa = PBXFileReference; lastKnownFileType = text.plist.xml; path = Info.plist; sourceTree = "<group>"; };
		276EC8FF22CDD48600D9B822 /* SharedTests.xctest */ = {isa = PBXFileReference; explicitFileType = wrapper.cfbundle; includeInIndex = 0; path = SharedTests.xctest; sourceTree = BUILT_PRODUCTS_DIR; };
		276EC90422CDD48600D9B822 /* SharedTests.swift */ = {isa = PBXFileReference; lastKnownFileType = sourcecode.swift; path = SharedTests.swift; sourceTree = "<group>"; };
		276EC90622CDD48600D9B822 /* Info.plist */ = {isa = PBXFileReference; lastKnownFileType = text.plist.xml; path = Info.plist; sourceTree = "<group>"; };
		276EC9BC22CDD89F00D9B822 /* LICENSE */ = {isa = PBXFileReference; fileEncoding = 4; lastKnownFileType = text; path = LICENSE; sourceTree = "<group>"; };
		276EC9BD22CDD89F00D9B822 /* README.md */ = {isa = PBXFileReference; fileEncoding = 4; lastKnownFileType = net.daringfireball.markdown; path = README.md; sourceTree = "<group>"; };
		276EC9C022CDD89F00D9B822 /* ResultProtocol.swift */ = {isa = PBXFileReference; fileEncoding = 4; lastKnownFileType = sourcecode.swift; path = ResultProtocol.swift; sourceTree = "<group>"; };
		276EC9C122CDD89F00D9B822 /* Future.swift */ = {isa = PBXFileReference; fileEncoding = 4; lastKnownFileType = sourcecode.swift; path = Future.swift; sourceTree = "<group>"; };
		276EC9C222CDD89F00D9B822 /* AsyncType.swift */ = {isa = PBXFileReference; fileEncoding = 4; lastKnownFileType = sourcecode.swift; path = AsyncType.swift; sourceTree = "<group>"; };
		276EC9C322CDD89F00D9B822 /* AsyncType+ResultType.swift */ = {isa = PBXFileReference; fileEncoding = 4; lastKnownFileType = sourcecode.swift; path = "AsyncType+ResultType.swift"; sourceTree = "<group>"; };
		276EC9C422CDD89F00D9B822 /* ExecutionContext.swift */ = {isa = PBXFileReference; fileEncoding = 4; lastKnownFileType = sourcecode.swift; path = ExecutionContext.swift; sourceTree = "<group>"; };
		276EC9C522CDD89F00D9B822 /* Result+BrightFutures.swift */ = {isa = PBXFileReference; fileEncoding = 4; lastKnownFileType = sourcecode.swift; path = "Result+BrightFutures.swift"; sourceTree = "<group>"; };
		276EC9C622CDD89F00D9B822 /* MutableAsyncType.swift */ = {isa = PBXFileReference; fileEncoding = 4; lastKnownFileType = sourcecode.swift; path = MutableAsyncType.swift; sourceTree = "<group>"; };
		276EC9C722CDD89F00D9B822 /* NSOperationQueue+BrightFutures.swift */ = {isa = PBXFileReference; fileEncoding = 4; lastKnownFileType = sourcecode.swift; path = "NSOperationQueue+BrightFutures.swift"; sourceTree = "<group>"; };
		276EC9C822CDD89F00D9B822 /* Async.swift */ = {isa = PBXFileReference; fileEncoding = 4; lastKnownFileType = sourcecode.swift; path = Async.swift; sourceTree = "<group>"; };
		276EC9C922CDD89F00D9B822 /* Dispatch+BrightFutures.swift */ = {isa = PBXFileReference; fileEncoding = 4; lastKnownFileType = sourcecode.swift; path = "Dispatch+BrightFutures.swift"; sourceTree = "<group>"; };
		276EC9CA22CDD89F00D9B822 /* Promise.swift */ = {isa = PBXFileReference; fileEncoding = 4; lastKnownFileType = sourcecode.swift; path = Promise.swift; sourceTree = "<group>"; };
		276EC9CB22CDD89F00D9B822 /* SequenceType+BrightFutures.swift */ = {isa = PBXFileReference; fileEncoding = 4; lastKnownFileType = sourcecode.swift; path = "SequenceType+BrightFutures.swift"; sourceTree = "<group>"; };
		276EC9CC22CDD89F00D9B822 /* Errors.swift */ = {isa = PBXFileReference; fileEncoding = 4; lastKnownFileType = sourcecode.swift; path = Errors.swift; sourceTree = "<group>"; };
		276EC9CD22CDD89F00D9B822 /* AsyncType+Debug.swift */ = {isa = PBXFileReference; fileEncoding = 4; lastKnownFileType = sourcecode.swift; path = "AsyncType+Debug.swift"; sourceTree = "<group>"; };
		276EC9CE22CDD89F00D9B822 /* InvalidationToken.swift */ = {isa = PBXFileReference; fileEncoding = 4; lastKnownFileType = sourcecode.swift; path = InvalidationToken.swift; sourceTree = "<group>"; };
		276EC9CF22CDD89F00D9B822 /* MutableAsyncType+ResultType.swift */ = {isa = PBXFileReference; fileEncoding = 4; lastKnownFileType = sourcecode.swift; path = "MutableAsyncType+ResultType.swift"; sourceTree = "<group>"; };
		276EC9D022CDD89F00D9B822 /* Podfile version 8.0.1 */ = {isa = PBXFileReference; fileEncoding = 4; lastKnownFileType = text.man; path = "Podfile version 8.0.1"; sourceTree = "<group>"; };
		276EC9D222CDD89F00D9B822 /* Podfile version 0.4.0 */ = {isa = PBXFileReference; fileEncoding = 4; lastKnownFileType = text; path = "Podfile version 0.4.0"; sourceTree = "<group>"; };
		276EC9D322CDD89F00D9B822 /* LICENSE */ = {isa = PBXFileReference; fileEncoding = 4; lastKnownFileType = text; path = LICENSE; sourceTree = "<group>"; };
		276EC9D422CDD89F00D9B822 /* README.md */ = {isa = PBXFileReference; fileEncoding = 4; lastKnownFileType = net.daringfireball.markdown; path = README.md; sourceTree = "<group>"; };
		276EC9D722CDD89F00D9B822 /* TaggedTime.swift */ = {isa = PBXFileReference; fileEncoding = 4; lastKnownFileType = sourcecode.swift; path = TaggedTime.swift; sourceTree = "<group>"; };
		276EC9D922CDD89F00D9B822 /* Tagged.swift */ = {isa = PBXFileReference; fileEncoding = 4; lastKnownFileType = sourcecode.swift; path = Tagged.swift; sourceTree = "<group>"; };
		276EC9DB22CDD89F00D9B822 /* TaggedMoney.swift */ = {isa = PBXFileReference; fileEncoding = 4; lastKnownFileType = sourcecode.swift; path = TaggedMoney.swift; sourceTree = "<group>"; };
		276EC9F622CDD97B00D9B822 /* Result.swift */ = {isa = PBXFileReference; lastKnownFileType = sourcecode.swift; path = Result.swift; sourceTree = "<group>"; };
		276EC9F822CDD9B600D9B822 /* Either.swift */ = {isa = PBXFileReference; lastKnownFileType = sourcecode.swift; path = Either.swift; sourceTree = "<group>"; };
		276EC9FA22CDDBA900D9B822 /* Never.swift */ = {isa = PBXFileReference; lastKnownFileType = sourcecode.swift; path = Never.swift; sourceTree = "<group>"; };
		276EC9FD22CDDCCC00D9B822 /* Pair.swift */ = {isa = PBXFileReference; lastKnownFileType = sourcecode.swift; path = Pair.swift; sourceTree = "<group>"; };
		276EC9FF22CDDCDC00D9B822 /* Sort.swift */ = {isa = PBXFileReference; lastKnownFileType = sourcecode.swift; path = Sort.swift; sourceTree = "<group>"; };
		276ECA0122CDDD0300D9B822 /* Filter.swift */ = {isa = PBXFileReference; lastKnownFileType = sourcecode.swift; path = Filter.swift; sourceTree = "<group>"; };
		276ECA0422CDDFCA00D9B822 /* LICENSE */ = {isa = PBXFileReference; fileEncoding = 4; lastKnownFileType = text; path = LICENSE; sourceTree = "<group>"; };
		276ECA0522CDDFCA00D9B822 /* README.md */ = {isa = PBXFileReference; fileEncoding = 4; lastKnownFileType = net.daringfireball.markdown; path = README.md; sourceTree = "<group>"; };
		276ECA0722CDDFCA00D9B822 /* NonEmpty+Dictionary.swift */ = {isa = PBXFileReference; fileEncoding = 4; lastKnownFileType = sourcecode.swift; path = "NonEmpty+Dictionary.swift"; sourceTree = "<group>"; };
		276ECA0822CDDFCA00D9B822 /* NonEmpty+SetAlgebra.swift */ = {isa = PBXFileReference; fileEncoding = 4; lastKnownFileType = sourcecode.swift; path = "NonEmpty+SetAlgebra.swift"; sourceTree = "<group>"; };
		276ECA0922CDDFCA00D9B822 /* NonEmpty+Random.swift */ = {isa = PBXFileReference; fileEncoding = 4; lastKnownFileType = sourcecode.swift; path = "NonEmpty+Random.swift"; sourceTree = "<group>"; };
		276ECA0A22CDDFCA00D9B822 /* NonEmpty+MutableCollection.swift */ = {isa = PBXFileReference; fileEncoding = 4; lastKnownFileType = sourcecode.swift; path = "NonEmpty+MutableCollection.swift"; sourceTree = "<group>"; };
		276ECA0B22CDDFCA00D9B822 /* NonEmpty+String.swift */ = {isa = PBXFileReference; fileEncoding = 4; lastKnownFileType = sourcecode.swift; path = "NonEmpty+String.swift"; sourceTree = "<group>"; };
		276ECA0C22CDDFCA00D9B822 /* NonEmpty+Comparable.swift */ = {isa = PBXFileReference; fileEncoding = 4; lastKnownFileType = sourcecode.swift; path = "NonEmpty+Comparable.swift"; sourceTree = "<group>"; };
		276ECA0D22CDDFCA00D9B822 /* NonEmpty+Collection.swift */ = {isa = PBXFileReference; fileEncoding = 4; lastKnownFileType = sourcecode.swift; path = "NonEmpty+Collection.swift"; sourceTree = "<group>"; };
		276ECA0E22CDDFCA00D9B822 /* NonEmpty+Array.swift */ = {isa = PBXFileReference; fileEncoding = 4; lastKnownFileType = sourcecode.swift; path = "NonEmpty+Array.swift"; sourceTree = "<group>"; };
		276ECA0F22CDDFCA00D9B822 /* NonEmpty.swift */ = {isa = PBXFileReference; fileEncoding = 4; lastKnownFileType = sourcecode.swift; path = NonEmpty.swift; sourceTree = "<group>"; };
		276ECA1022CDDFCA00D9B822 /* NonEmpty+RandomAccessCollection.swift */ = {isa = PBXFileReference; fileEncoding = 4; lastKnownFileType = sourcecode.swift; path = "NonEmpty+RandomAccessCollection.swift"; sourceTree = "<group>"; };
		276ECA1122CDDFCA00D9B822 /* NonEmpty+RangeReplaceableCollection.swift */ = {isa = PBXFileReference; fileEncoding = 4; lastKnownFileType = sourcecode.swift; path = "NonEmpty+RangeReplaceableCollection.swift"; sourceTree = "<group>"; };
		276ECA1222CDDFCA00D9B822 /* NonEmpty+BidirectionalCollection.swift */ = {isa = PBXFileReference; fileEncoding = 4; lastKnownFileType = sourcecode.swift; path = "NonEmpty+BidirectionalCollection.swift"; sourceTree = "<group>"; };
		276ECA1322CDDFCA00D9B822 /* Podfile version 0.2.0 */ = {isa = PBXFileReference; fileEncoding = 4; lastKnownFileType = text; path = "Podfile version 0.2.0"; sourceTree = "<group>"; };
		276ECA2422CDE49500D9B822 /* Optional+Extensions.swift */ = {isa = PBXFileReference; lastKnownFileType = sourcecode.swift; path = "Optional+Extensions.swift"; sourceTree = "<group>"; };
		276ECA2622CDE62000D9B822 /* DateFormatter+Extensions.swift */ = {isa = PBXFileReference; lastKnownFileType = sourcecode.swift; path = "DateFormatter+Extensions.swift"; sourceTree = "<group>"; };
		276ECA2822CDE63A00D9B822 /* TimeZone+Extensions.swift */ = {isa = PBXFileReference; lastKnownFileType = sourcecode.swift; path = "TimeZone+Extensions.swift"; sourceTree = "<group>"; };
		276ECA2A22CDE65700D9B822 /* Collection+Extensions.swift */ = {isa = PBXFileReference; lastKnownFileType = sourcecode.swift; path = "Collection+Extensions.swift"; sourceTree = "<group>"; };
		276ECA2C22CDE67E00D9B822 /* Decimal+Extensions.swift */ = {isa = PBXFileReference; lastKnownFileType = sourcecode.swift; path = "Decimal+Extensions.swift"; sourceTree = "<group>"; };
		276ECA2F22CDE74900D9B822 /* Once.swift */ = {isa = PBXFileReference; lastKnownFileType = sourcecode.swift; path = Once.swift; sourceTree = "<group>"; };
		276ECA3222CDE77100D9B822 /* Cancellable.swift */ = {isa = PBXFileReference; lastKnownFileType = sourcecode.swift; path = Cancellable.swift; sourceTree = "<group>"; };
		276ECA3522CDEE2900D9B822 /* Optional.swift */ = {isa = PBXFileReference; fileEncoding = 4; lastKnownFileType = sourcecode.swift; path = Optional.swift; sourceTree = "<group>"; };
		276ECA3622CDEE2900D9B822 /* Uncurry.swift */ = {isa = PBXFileReference; fileEncoding = 4; lastKnownFileType = sourcecode.swift; path = Uncurry.swift; sourceTree = "<group>"; };
		276ECA3722CDEE2900D9B822 /* With.swift */ = {isa = PBXFileReference; fileEncoding = 4; lastKnownFileType = sourcecode.swift; path = With.swift; sourceTree = "<group>"; };
		276ECA3822CDEE2900D9B822 /* Pipe.swift */ = {isa = PBXFileReference; fileEncoding = 4; lastKnownFileType = sourcecode.swift; path = Pipe.swift; sourceTree = "<group>"; };
		276ECA3922CDEE2900D9B822 /* Concat.swift */ = {isa = PBXFileReference; fileEncoding = 4; lastKnownFileType = sourcecode.swift; path = Concat.swift; sourceTree = "<group>"; };
		276ECA3A22CDEE2900D9B822 /* Compose.swift */ = {isa = PBXFileReference; fileEncoding = 4; lastKnownFileType = sourcecode.swift; path = Compose.swift; sourceTree = "<group>"; };
		276ECA3B22CDEE2900D9B822 /* Curry.swift */ = {isa = PBXFileReference; fileEncoding = 4; lastKnownFileType = sourcecode.swift; path = Curry.swift; sourceTree = "<group>"; };
/* End PBXFileReference section */

/* Begin PBXFrameworksBuildPhase section */
		276EC8F322CDD48600D9B822 /* Frameworks */ = {
			isa = PBXFrameworksBuildPhase;
			buildActionMask = 2147483647;
			files = (
			);
			runOnlyForDeploymentPostprocessing = 0;
		};
		276EC8FC22CDD48600D9B822 /* Frameworks */ = {
			isa = PBXFrameworksBuildPhase;
			buildActionMask = 2147483647;
			files = (
				276EC90022CDD48600D9B822 /* Shared.framework in Frameworks */,
			);
			runOnlyForDeploymentPostprocessing = 0;
		};
/* End PBXFrameworksBuildPhase section */

/* Begin PBXGroup section */
		276EC8EC22CDD48500D9B822 = {
			isa = PBXGroup;
			children = (
				276EC8F822CDD48600D9B822 /* Shared */,
				276EC90322CDD48600D9B822 /* SharedTests */,
				276EC8F722CDD48600D9B822 /* Products */,
			);
			sourceTree = "<group>";
		};
		276EC8F722CDD48600D9B822 /* Products */ = {
			isa = PBXGroup;
			children = (
				276EC8F622CDD48600D9B822 /* Shared.framework */,
				276EC8FF22CDD48600D9B822 /* SharedTests.xctest */,
			);
			name = Products;
			sourceTree = "<group>";
		};
		276EC8F822CDD48600D9B822 /* Shared */ = {
			isa = PBXGroup;
			children = (
				276EC9FC22CDDCC100D9B822 /* Types */,
				276EC9F522CDD8EB00D9B822 /* Primitives */,
				276ECA3422CDEDE700D9B822 /* Functionals */,
				276ECA2322CDE47700D9B822 /* Extensions */,
				276EC9B622CDD7E100D9B822 /* Libraries */,
				276ECA2E22CDE6C600D9B822 /* Utilities */,
				276EC8F922CDD48600D9B822 /* Shared.h */,
				276EC8FA22CDD48600D9B822 /* Info.plist */,
			);
			path = Shared;
			sourceTree = "<group>";
		};
		276EC90322CDD48600D9B822 /* SharedTests */ = {
			isa = PBXGroup;
			children = (
				276EC90422CDD48600D9B822 /* SharedTests.swift */,
				276EC90622CDD48600D9B822 /* Info.plist */,
			);
			path = SharedTests;
			sourceTree = "<group>";
		};
		276EC9B622CDD7E100D9B822 /* Libraries */ = {
			isa = PBXGroup;
			children = (
				276ECA0322CDDFCA00D9B822 /* NonEmpty */,
				276EC9BB22CDD89F00D9B822 /* BrightFutures */,
				276EC9D122CDD89F00D9B822 /* Tagged */,
			);
			path = Libraries;
			sourceTree = "<group>";
		};
		276EC9BB22CDD89F00D9B822 /* BrightFutures */ = {
			isa = PBXGroup;
			children = (
				276EC9D022CDD89F00D9B822 /* Podfile version 8.0.1 */,
				276EC9BC22CDD89F00D9B822 /* LICENSE */,
				276EC9BD22CDD89F00D9B822 /* README.md */,
				276EC9BE22CDD89F00D9B822 /* Sources */,
			);
			path = BrightFutures;
			sourceTree = "<group>";
		};
		276EC9BE22CDD89F00D9B822 /* Sources */ = {
			isa = PBXGroup;
			children = (
				276EC9BF22CDD89F00D9B822 /* BrightFutures */,
			);
			path = Sources;
			sourceTree = "<group>";
		};
		276EC9BF22CDD89F00D9B822 /* BrightFutures */ = {
			isa = PBXGroup;
			children = (
				276EC9C022CDD89F00D9B822 /* ResultProtocol.swift */,
				276EC9C122CDD89F00D9B822 /* Future.swift */,
				276EC9C222CDD89F00D9B822 /* AsyncType.swift */,
				276EC9C322CDD89F00D9B822 /* AsyncType+ResultType.swift */,
				276EC9C422CDD89F00D9B822 /* ExecutionContext.swift */,
				276EC9C522CDD89F00D9B822 /* Result+BrightFutures.swift */,
				276EC9C622CDD89F00D9B822 /* MutableAsyncType.swift */,
				276EC9C722CDD89F00D9B822 /* NSOperationQueue+BrightFutures.swift */,
				276EC9C822CDD89F00D9B822 /* Async.swift */,
				276EC9C922CDD89F00D9B822 /* Dispatch+BrightFutures.swift */,
				276EC9CA22CDD89F00D9B822 /* Promise.swift */,
				276EC9CB22CDD89F00D9B822 /* SequenceType+BrightFutures.swift */,
				276EC9CC22CDD89F00D9B822 /* Errors.swift */,
				276EC9CD22CDD89F00D9B822 /* AsyncType+Debug.swift */,
				276EC9CE22CDD89F00D9B822 /* InvalidationToken.swift */,
				276EC9CF22CDD89F00D9B822 /* MutableAsyncType+ResultType.swift */,
			);
			path = BrightFutures;
			sourceTree = "<group>";
		};
		276EC9D122CDD89F00D9B822 /* Tagged */ = {
			isa = PBXGroup;
			children = (
				276EC9D222CDD89F00D9B822 /* Podfile version 0.4.0 */,
				276EC9D322CDD89F00D9B822 /* LICENSE */,
				276EC9D422CDD89F00D9B822 /* README.md */,
				276EC9D522CDD89F00D9B822 /* Sources */,
			);
			path = Tagged;
			sourceTree = "<group>";
		};
		276EC9D522CDD89F00D9B822 /* Sources */ = {
			isa = PBXGroup;
			children = (
				276EC9D622CDD89F00D9B822 /* TaggedTime */,
				276EC9D822CDD89F00D9B822 /* Tagged */,
				276EC9DA22CDD89F00D9B822 /* TaggedMoney */,
			);
			path = Sources;
			sourceTree = "<group>";
		};
		276EC9D622CDD89F00D9B822 /* TaggedTime */ = {
			isa = PBXGroup;
			children = (
				276EC9D722CDD89F00D9B822 /* TaggedTime.swift */,
			);
			path = TaggedTime;
			sourceTree = "<group>";
		};
		276EC9D822CDD89F00D9B822 /* Tagged */ = {
			isa = PBXGroup;
			children = (
				276EC9D922CDD89F00D9B822 /* Tagged.swift */,
			);
			path = Tagged;
			sourceTree = "<group>";
		};
		276EC9DA22CDD89F00D9B822 /* TaggedMoney */ = {
			isa = PBXGroup;
			children = (
				276EC9DB22CDD89F00D9B822 /* TaggedMoney.swift */,
			);
			path = TaggedMoney;
			sourceTree = "<group>";
		};
		276EC9F522CDD8EB00D9B822 /* Primitives */ = {
			isa = PBXGroup;
			children = (
				276EC9F622CDD97B00D9B822 /* Result.swift */,
				276EC9F822CDD9B600D9B822 /* Either.swift */,
				276EC9FA22CDDBA900D9B822 /* Never.swift */,
			);
			path = Primitives;
			sourceTree = "<group>";
		};
		276EC9FC22CDDCC100D9B822 /* Types */ = {
			isa = PBXGroup;
			children = (
				276EC9FD22CDDCCC00D9B822 /* Pair.swift */,
				276EC9FF22CDDCDC00D9B822 /* Sort.swift */,
				276ECA0122CDDD0300D9B822 /* Filter.swift */,
			);
			path = Types;
			sourceTree = "<group>";
		};
		276ECA0322CDDFCA00D9B822 /* NonEmpty */ = {
			isa = PBXGroup;
			children = (
				276ECA1322CDDFCA00D9B822 /* Podfile version 0.2.0 */,
				276ECA0422CDDFCA00D9B822 /* LICENSE */,
				276ECA0522CDDFCA00D9B822 /* README.md */,
				276ECA0622CDDFCA00D9B822 /* Sources */,
			);
			path = NonEmpty;
			sourceTree = "<group>";
		};
		276ECA0622CDDFCA00D9B822 /* Sources */ = {
			isa = PBXGroup;
			children = (
				276ECA0722CDDFCA00D9B822 /* NonEmpty+Dictionary.swift */,
				276ECA0822CDDFCA00D9B822 /* NonEmpty+SetAlgebra.swift */,
				276ECA0922CDDFCA00D9B822 /* NonEmpty+Random.swift */,
				276ECA0A22CDDFCA00D9B822 /* NonEmpty+MutableCollection.swift */,
				276ECA0B22CDDFCA00D9B822 /* NonEmpty+String.swift */,
				276ECA0C22CDDFCA00D9B822 /* NonEmpty+Comparable.swift */,
				276ECA0D22CDDFCA00D9B822 /* NonEmpty+Collection.swift */,
				276ECA0E22CDDFCA00D9B822 /* NonEmpty+Array.swift */,
				276ECA0F22CDDFCA00D9B822 /* NonEmpty.swift */,
				276ECA1022CDDFCA00D9B822 /* NonEmpty+RandomAccessCollection.swift */,
				276ECA1122CDDFCA00D9B822 /* NonEmpty+RangeReplaceableCollection.swift */,
				276ECA1222CDDFCA00D9B822 /* NonEmpty+BidirectionalCollection.swift */,
			);
			path = Sources;
			sourceTree = "<group>";
		};
		276ECA2322CDE47700D9B822 /* Extensions */ = {
			isa = PBXGroup;
			children = (
				276ECA2422CDE49500D9B822 /* Optional+Extensions.swift */,
				276ECA2622CDE62000D9B822 /* DateFormatter+Extensions.swift */,
				276ECA2822CDE63A00D9B822 /* TimeZone+Extensions.swift */,
				276ECA2A22CDE65700D9B822 /* Collection+Extensions.swift */,
				276ECA2C22CDE67E00D9B822 /* Decimal+Extensions.swift */,
			);
			path = Extensions;
			sourceTree = "<group>";
		};
		276ECA2E22CDE6C600D9B822 /* Utilities */ = {
			isa = PBXGroup;
			children = (
				276ECA3122CDE75B00D9B822 /* Cancellable */,
				276ECA2F22CDE74900D9B822 /* Once.swift */,
			);
			path = Utilities;
			sourceTree = "<group>";
		};
		276ECA3122CDE75B00D9B822 /* Cancellable */ = {
			isa = PBXGroup;
			children = (
				276ECA3222CDE77100D9B822 /* Cancellable.swift */,
			);
			path = Cancellable;
			sourceTree = "<group>";
		};
		276ECA3422CDEDE700D9B822 /* Functionals */ = {
			isa = PBXGroup;
			children = (
				276ECA3A22CDEE2900D9B822 /* Compose.swift */,
				276ECA3922CDEE2900D9B822 /* Concat.swift */,
				276ECA3B22CDEE2900D9B822 /* Curry.swift */,
				276ECA3522CDEE2900D9B822 /* Optional.swift */,
				276ECA3822CDEE2900D9B822 /* Pipe.swift */,
				276ECA3622CDEE2900D9B822 /* Uncurry.swift */,
				276ECA3722CDEE2900D9B822 /* With.swift */,
			);
			path = Functionals;
			sourceTree = "<group>";
		};
/* End PBXGroup section */

/* Begin PBXHeadersBuildPhase section */
		276EC8F122CDD48600D9B822 /* Headers */ = {
			isa = PBXHeadersBuildPhase;
			buildActionMask = 2147483647;
			files = (
				276EC90722CDD48600D9B822 /* Shared.h in Headers */,
			);
			runOnlyForDeploymentPostprocessing = 0;
		};
/* End PBXHeadersBuildPhase section */

/* Begin PBXNativeTarget section */
		276EC8F522CDD48600D9B822 /* Shared */ = {
			isa = PBXNativeTarget;
			buildConfigurationList = 276EC90A22CDD48600D9B822 /* Build configuration list for PBXNativeTarget "Shared" */;
			buildPhases = (
				276EC8F122CDD48600D9B822 /* Headers */,
				276EC8F222CDD48600D9B822 /* Sources */,
				276EC8F322CDD48600D9B822 /* Frameworks */,
				276EC8F422CDD48600D9B822 /* Resources */,
			);
			buildRules = (
			);
			dependencies = (
			);
			name = Shared;
			productName = Shared;
			productReference = 276EC8F622CDD48600D9B822 /* Shared.framework */;
			productType = "com.apple.product-type.framework";
		};
		276EC8FE22CDD48600D9B822 /* SharedTests */ = {
			isa = PBXNativeTarget;
			buildConfigurationList = 276EC90D22CDD48600D9B822 /* Build configuration list for PBXNativeTarget "SharedTests" */;
			buildPhases = (
				276EC8FB22CDD48600D9B822 /* Sources */,
				276EC8FC22CDD48600D9B822 /* Frameworks */,
				276EC8FD22CDD48600D9B822 /* Resources */,
			);
			buildRules = (
			);
			dependencies = (
				276EC90222CDD48600D9B822 /* PBXTargetDependency */,
			);
			name = SharedTests;
			productName = SharedTests;
			productReference = 276EC8FF22CDD48600D9B822 /* SharedTests.xctest */;
			productType = "com.apple.product-type.bundle.unit-test";
		};
/* End PBXNativeTarget section */

/* Begin PBXProject section */
		276EC8ED22CDD48500D9B822 /* Project object */ = {
			isa = PBXProject;
			attributes = {
				LastSwiftUpdateCheck = 1010;
				LastUpgradeCheck = 1010;
				ORGANIZATIONNAME = "Joachim Kret";
				TargetAttributes = {
					276EC8F522CDD48600D9B822 = {
						CreatedOnToolsVersion = 10.1;
					};
					276EC8FE22CDD48600D9B822 = {
						CreatedOnToolsVersion = 10.1;
					};
				};
			};
			buildConfigurationList = 276EC8F022CDD48500D9B822 /* Build configuration list for PBXProject "Shared" */;
			compatibilityVersion = "Xcode 9.3";
			developmentRegion = en;
			hasScannedForEncodings = 0;
			knownRegions = (
				en,
			);
			mainGroup = 276EC8EC22CDD48500D9B822;
			productRefGroup = 276EC8F722CDD48600D9B822 /* Products */;
			projectDirPath = "";
			projectRoot = "";
			targets = (
				276EC8F522CDD48600D9B822 /* Shared */,
				276EC8FE22CDD48600D9B822 /* SharedTests */,
			);
		};
/* End PBXProject section */

/* Begin PBXResourcesBuildPhase section */
		276EC8F422CDD48600D9B822 /* Resources */ = {
			isa = PBXResourcesBuildPhase;
			buildActionMask = 2147483647;
			files = (
			);
			runOnlyForDeploymentPostprocessing = 0;
		};
		276EC8FD22CDD48600D9B822 /* Resources */ = {
			isa = PBXResourcesBuildPhase;
			buildActionMask = 2147483647;
			files = (
			);
			runOnlyForDeploymentPostprocessing = 0;
		};
/* End PBXResourcesBuildPhase section */

/* Begin PBXSourcesBuildPhase section */
		276EC8F222CDD48600D9B822 /* Sources */ = {
			isa = PBXSourcesBuildPhase;
			buildActionMask = 2147483647;
			files = (
				276EC9DF22CDD89F00D9B822 /* Future.swift in Sources */,
				276ECA0222CDDD0300D9B822 /* Filter.swift in Sources */,
				276EC9E222CDD89F00D9B822 /* ExecutionContext.swift in Sources */,
				276ECA4022CDEE2900D9B822 /* Pipe.swift in Sources */,
				276ECA2522CDE49500D9B822 /* Optional+Extensions.swift in Sources */,
				276ECA1622CDDFCA00D9B822 /* NonEmpty+Dictionary.swift in Sources */,
				276EC9E722CDD89F00D9B822 /* Dispatch+BrightFutures.swift in Sources */,
				276ECA1C22CDDFCA00D9B822 /* NonEmpty+Collection.swift in Sources */,
				276ECA3022CDE74900D9B822 /* Once.swift in Sources */,
				276EC9F422CDD89F00D9B822 /* TaggedMoney.swift in Sources */,
				276ECA1822CDDFCA00D9B822 /* NonEmpty+Random.swift in Sources */,
				276EC9E122CDD89F00D9B822 /* AsyncType+ResultType.swift in Sources */,
				276ECA3D22CDEE2900D9B822 /* Optional.swift in Sources */,
				276ECA2922CDE63A00D9B822 /* TimeZone+Extensions.swift in Sources */,
				276ECA2B22CDE65700D9B822 /* Collection+Extensions.swift in Sources */,
				276ECA0022CDDCDC00D9B822 /* Sort.swift in Sources */,
				276ECA2722CDE62000D9B822 /* DateFormatter+Extensions.swift in Sources */,
				276ECA1722CDDFCA00D9B822 /* NonEmpty+SetAlgebra.swift in Sources */,
				276ECA3F22CDEE2900D9B822 /* With.swift in Sources */,
				276ECA2D22CDE67E00D9B822 /* Decimal+Extensions.swift in Sources */,
				276EC9E422CDD89F00D9B822 /* MutableAsyncType.swift in Sources */,
				276EC9F722CDD97B00D9B822 /* Result.swift in Sources */,
				276ECA3E22CDEE2900D9B822 /* Uncurry.swift in Sources */,
				276EC9F922CDD9B600D9B822 /* Either.swift in Sources */,
				276ECA4222CDEE2900D9B822 /* Compose.swift in Sources */,
				276ECA1F22CDDFCA00D9B822 /* NonEmpty+RandomAccessCollection.swift in Sources */,
				276EC9FB22CDDBA900D9B822 /* Never.swift in Sources */,
				276EC9F322CDD89F00D9B822 /* Tagged.swift in Sources */,
				276ECA1B22CDDFCA00D9B822 /* NonEmpty+Comparable.swift in Sources */,
				276EC9E622CDD89F00D9B822 /* Async.swift in Sources */,
				276ECA1922CDDFCA00D9B822 /* NonEmpty+MutableCollection.swift in Sources */,
				276EC9ED22CDD89F00D9B822 /* MutableAsyncType+ResultType.swift in Sources */,
				276EC9E922CDD89F00D9B822 /* SequenceType+BrightFutures.swift in Sources */,
				276EC9EA22CDD89F00D9B822 /* Errors.swift in Sources */,
				276EC9FE22CDDCCC00D9B822 /* Pair.swift in Sources */,
				276ECA1E22CDDFCA00D9B822 /* NonEmpty.swift in Sources */,
				276EC9EB22CDD89F00D9B822 /* AsyncType+Debug.swift in Sources */,
				276ECA4122CDEE2900D9B822 /* Concat.swift in Sources */,
				276ECA1A22CDDFCA00D9B822 /* NonEmpty+String.swift in Sources */,
				276EC9E322CDD89F00D9B822 /* Result+BrightFutures.swift in Sources */,
				276EC9EC22CDD89F00D9B822 /* InvalidationToken.swift in Sources */,
				276EC9DE22CDD89F00D9B822 /* ResultProtocol.swift in Sources */,
				276EC9E822CDD89F00D9B822 /* Promise.swift in Sources */,
				276ECA4322CDEE2900D9B822 /* Curry.swift in Sources */,
				276EC9E022CDD89F00D9B822 /* AsyncType.swift in Sources */,
				276ECA3322CDE77100D9B822 /* Cancellable.swift in Sources */,
				276EC9F222CDD89F00D9B822 /* TaggedTime.swift in Sources */,
				276ECA2122CDDFCA00D9B822 /* NonEmpty+BidirectionalCollection.swift in Sources */,
				276ECA1D22CDDFCA00D9B822 /* NonEmpty+Array.swift in Sources */,
				276ECA2022CDDFCA00D9B822 /* NonEmpty+RangeReplaceableCollection.swift in Sources */,
				276EC9E522CDD89F00D9B822 /* NSOperationQueue+BrightFutures.swift in Sources */,
			);
			runOnlyForDeploymentPostprocessing = 0;
		};
		276EC8FB22CDD48600D9B822 /* Sources */ = {
			isa = PBXSourcesBuildPhase;
			buildActionMask = 2147483647;
			files = (
				276EC90522CDD48600D9B822 /* SharedTests.swift in Sources */,
			);
			runOnlyForDeploymentPostprocessing = 0;
		};
/* End PBXSourcesBuildPhase section */

/* Begin PBXTargetDependency section */
		276EC90222CDD48600D9B822 /* PBXTargetDependency */ = {
			isa = PBXTargetDependency;
			target = 276EC8F522CDD48600D9B822 /* Shared */;
			targetProxy = 276EC90122CDD48600D9B822 /* PBXContainerItemProxy */;
		};
/* End PBXTargetDependency section */

/* Begin XCBuildConfiguration section */
		276EC90822CDD48600D9B822 /* Debug */ = {
			isa = XCBuildConfiguration;
			buildSettings = {
				ALWAYS_SEARCH_USER_PATHS = NO;
				CLANG_ANALYZER_NONNULL = YES;
				CLANG_ANALYZER_NUMBER_OBJECT_CONVERSION = YES_AGGRESSIVE;
				CLANG_CXX_LANGUAGE_STANDARD = "gnu++14";
				CLANG_CXX_LIBRARY = "libc++";
				CLANG_ENABLE_MODULES = YES;
				CLANG_ENABLE_OBJC_ARC = YES;
				CLANG_ENABLE_OBJC_WEAK = YES;
				CLANG_WARN_BLOCK_CAPTURE_AUTORELEASING = YES;
				CLANG_WARN_BOOL_CONVERSION = YES;
				CLANG_WARN_COMMA = YES;
				CLANG_WARN_CONSTANT_CONVERSION = YES;
				CLANG_WARN_DEPRECATED_OBJC_IMPLEMENTATIONS = YES;
				CLANG_WARN_DIRECT_OBJC_ISA_USAGE = YES_ERROR;
				CLANG_WARN_DOCUMENTATION_COMMENTS = YES;
				CLANG_WARN_EMPTY_BODY = YES;
				CLANG_WARN_ENUM_CONVERSION = YES;
				CLANG_WARN_INFINITE_RECURSION = YES;
				CLANG_WARN_INT_CONVERSION = YES;
				CLANG_WARN_NON_LITERAL_NULL_CONVERSION = YES;
				CLANG_WARN_OBJC_IMPLICIT_RETAIN_SELF = YES;
				CLANG_WARN_OBJC_LITERAL_CONVERSION = YES;
				CLANG_WARN_OBJC_ROOT_CLASS = YES_ERROR;
				CLANG_WARN_RANGE_LOOP_ANALYSIS = YES;
				CLANG_WARN_STRICT_PROTOTYPES = YES;
				CLANG_WARN_SUSPICIOUS_MOVE = YES;
				CLANG_WARN_UNGUARDED_AVAILABILITY = YES_AGGRESSIVE;
				CLANG_WARN_UNREACHABLE_CODE = YES;
				CLANG_WARN__DUPLICATE_METHOD_MATCH = YES;
				CODE_SIGN_IDENTITY = "iPhone Developer";
				COPY_PHASE_STRIP = NO;
				CURRENT_PROJECT_VERSION = 1;
				DEBUG_INFORMATION_FORMAT = dwarf;
				ENABLE_STRICT_OBJC_MSGSEND = YES;
				ENABLE_TESTABILITY = YES;
				GCC_C_LANGUAGE_STANDARD = gnu11;
				GCC_DYNAMIC_NO_PIC = NO;
				GCC_NO_COMMON_BLOCKS = YES;
				GCC_OPTIMIZATION_LEVEL = 0;
				GCC_PREPROCESSOR_DEFINITIONS = (
					"DEBUG=1",
					"$(inherited)",
				);
				GCC_WARN_64_TO_32_BIT_CONVERSION = YES;
				GCC_WARN_ABOUT_RETURN_TYPE = YES_ERROR;
				GCC_WARN_UNDECLARED_SELECTOR = YES;
				GCC_WARN_UNINITIALIZED_AUTOS = YES_AGGRESSIVE;
				GCC_WARN_UNUSED_FUNCTION = YES;
				GCC_WARN_UNUSED_VARIABLE = YES;
				IPHONEOS_DEPLOYMENT_TARGET = 12.1;
				MTL_ENABLE_DEBUG_INFO = INCLUDE_SOURCE;
				MTL_FAST_MATH = YES;
				ONLY_ACTIVE_ARCH = YES;
				SDKROOT = iphoneos;
				SWIFT_ACTIVE_COMPILATION_CONDITIONS = DEBUG;
				SWIFT_OPTIMIZATION_LEVEL = "-Onone";
				VERSIONING_SYSTEM = "apple-generic";
				VERSION_INFO_PREFIX = "";
			};
			name = Debug;
		};
		276EC90922CDD48600D9B822 /* Release */ = {
			isa = XCBuildConfiguration;
			buildSettings = {
				ALWAYS_SEARCH_USER_PATHS = NO;
				CLANG_ANALYZER_NONNULL = YES;
				CLANG_ANALYZER_NUMBER_OBJECT_CONVERSION = YES_AGGRESSIVE;
				CLANG_CXX_LANGUAGE_STANDARD = "gnu++14";
				CLANG_CXX_LIBRARY = "libc++";
				CLANG_ENABLE_MODULES = YES;
				CLANG_ENABLE_OBJC_ARC = YES;
				CLANG_ENABLE_OBJC_WEAK = YES;
				CLANG_WARN_BLOCK_CAPTURE_AUTORELEASING = YES;
				CLANG_WARN_BOOL_CONVERSION = YES;
				CLANG_WARN_COMMA = YES;
				CLANG_WARN_CONSTANT_CONVERSION = YES;
				CLANG_WARN_DEPRECATED_OBJC_IMPLEMENTATIONS = YES;
				CLANG_WARN_DIRECT_OBJC_ISA_USAGE = YES_ERROR;
				CLANG_WARN_DOCUMENTATION_COMMENTS = YES;
				CLANG_WARN_EMPTY_BODY = YES;
				CLANG_WARN_ENUM_CONVERSION = YES;
				CLANG_WARN_INFINITE_RECURSION = YES;
				CLANG_WARN_INT_CONVERSION = YES;
				CLANG_WARN_NON_LITERAL_NULL_CONVERSION = YES;
				CLANG_WARN_OBJC_IMPLICIT_RETAIN_SELF = YES;
				CLANG_WARN_OBJC_LITERAL_CONVERSION = YES;
				CLANG_WARN_OBJC_ROOT_CLASS = YES_ERROR;
				CLANG_WARN_RANGE_LOOP_ANALYSIS = YES;
				CLANG_WARN_STRICT_PROTOTYPES = YES;
				CLANG_WARN_SUSPICIOUS_MOVE = YES;
				CLANG_WARN_UNGUARDED_AVAILABILITY = YES_AGGRESSIVE;
				CLANG_WARN_UNREACHABLE_CODE = YES;
				CLANG_WARN__DUPLICATE_METHOD_MATCH = YES;
				CODE_SIGN_IDENTITY = "iPhone Developer";
				COPY_PHASE_STRIP = NO;
				CURRENT_PROJECT_VERSION = 1;
				DEBUG_INFORMATION_FORMAT = "dwarf-with-dsym";
				ENABLE_NS_ASSERTIONS = NO;
				ENABLE_STRICT_OBJC_MSGSEND = YES;
				GCC_C_LANGUAGE_STANDARD = gnu11;
				GCC_NO_COMMON_BLOCKS = YES;
				GCC_WARN_64_TO_32_BIT_CONVERSION = YES;
				GCC_WARN_ABOUT_RETURN_TYPE = YES_ERROR;
				GCC_WARN_UNDECLARED_SELECTOR = YES;
				GCC_WARN_UNINITIALIZED_AUTOS = YES_AGGRESSIVE;
				GCC_WARN_UNUSED_FUNCTION = YES;
				GCC_WARN_UNUSED_VARIABLE = YES;
				IPHONEOS_DEPLOYMENT_TARGET = 12.1;
				MTL_ENABLE_DEBUG_INFO = NO;
				MTL_FAST_MATH = YES;
				SDKROOT = iphoneos;
				SWIFT_COMPILATION_MODE = wholemodule;
				SWIFT_OPTIMIZATION_LEVEL = "-O";
				VALIDATE_PRODUCT = YES;
				VERSIONING_SYSTEM = "apple-generic";
				VERSION_INFO_PREFIX = "";
			};
			name = Release;
		};
		276EC90B22CDD48600D9B822 /* Debug */ = {
			isa = XCBuildConfiguration;
			buildSettings = {
				CODE_SIGN_IDENTITY = "";
				CODE_SIGN_STYLE = Automatic;
				DEFINES_MODULE = YES;
				DYLIB_COMPATIBILITY_VERSION = 1;
				DYLIB_CURRENT_VERSION = 1;
				DYLIB_INSTALL_NAME_BASE = "@rpath";
				INFOPLIST_FILE = Shared/Info.plist;
				INSTALL_PATH = "$(LOCAL_LIBRARY_DIR)/Frameworks";
				LD_RUNPATH_SEARCH_PATHS = (
					"$(inherited)",
					"@executable_path/Frameworks",
					"@loader_path/Frameworks",
				);
				PRODUCT_BUNDLE_IDENTIFIER = JK.Shared;
				PRODUCT_NAME = "$(TARGET_NAME:c99extidentifier)";
				SKIP_INSTALL = YES;
				SWIFT_VERSION = 4.2;
				TARGETED_DEVICE_FAMILY = "1,2";
			};
			name = Debug;
		};
		276EC90C22CDD48600D9B822 /* Release */ = {
			isa = XCBuildConfiguration;
			buildSettings = {
				CODE_SIGN_IDENTITY = "";
				CODE_SIGN_STYLE = Automatic;
				DEFINES_MODULE = YES;
				DYLIB_COMPATIBILITY_VERSION = 1;
				DYLIB_CURRENT_VERSION = 1;
				DYLIB_INSTALL_NAME_BASE = "@rpath";
				INFOPLIST_FILE = Shared/Info.plist;
				INSTALL_PATH = "$(LOCAL_LIBRARY_DIR)/Frameworks";
				LD_RUNPATH_SEARCH_PATHS = (
					"$(inherited)",
					"@executable_path/Frameworks",
					"@loader_path/Frameworks",
				);
				PRODUCT_BUNDLE_IDENTIFIER = JK.Shared;
				PRODUCT_NAME = "$(TARGET_NAME:c99extidentifier)";
				SKIP_INSTALL = YES;
				SWIFT_VERSION = 4.2;
				TARGETED_DEVICE_FAMILY = "1,2";
			};
			name = Release;
		};
		276EC90E22CDD48600D9B822 /* Debug */ = {
			isa = XCBuildConfiguration;
			buildSettings = {
				ALWAYS_EMBED_SWIFT_STANDARD_LIBRARIES = YES;
				CODE_SIGN_STYLE = Automatic;
				INFOPLIST_FILE = SharedTests/Info.plist;
				LD_RUNPATH_SEARCH_PATHS = (
					"$(inherited)",
					"@executable_path/Frameworks",
					"@loader_path/Frameworks",
				);
				PRODUCT_BUNDLE_IDENTIFIER = JK.SharedTests;
				PRODUCT_NAME = "$(TARGET_NAME)";
				SWIFT_VERSION = 4.2;
				TARGETED_DEVICE_FAMILY = "1,2";
			};
			name = Debug;
		};
		276EC90F22CDD48600D9B822 /* Release */ = {
			isa = XCBuildConfiguration;
			buildSettings = {
				ALWAYS_EMBED_SWIFT_STANDARD_LIBRARIES = YES;
				CODE_SIGN_STYLE = Automatic;
				INFOPLIST_FILE = SharedTests/Info.plist;
				LD_RUNPATH_SEARCH_PATHS = (
					"$(inherited)",
					"@executable_path/Frameworks",
					"@loader_path/Frameworks",
				);
				PRODUCT_BUNDLE_IDENTIFIER = JK.SharedTests;
				PRODUCT_NAME = "$(TARGET_NAME)";
				SWIFT_VERSION = 4.2;
				TARGETED_DEVICE_FAMILY = "1,2";
			};
			name = Release;
		};
/* End XCBuildConfiguration section */

/* Begin XCConfigurationList section */
		276EC8F022CDD48500D9B822 /* Build configuration list for PBXProject "Shared" */ = {
			isa = XCConfigurationList;
			buildConfigurations = (
				276EC90822CDD48600D9B822 /* Debug */,
				276EC90922CDD48600D9B822 /* Release */,
			);
			defaultConfigurationIsVisible = 0;
			defaultConfigurationName = Release;
		};
		276EC90A22CDD48600D9B822 /* Build configuration list for PBXNativeTarget "Shared" */ = {
			isa = XCConfigurationList;
			buildConfigurations = (
				276EC90B22CDD48600D9B822 /* Debug */,
				276EC90C22CDD48600D9B822 /* Release */,
			);
			defaultConfigurationIsVisible = 0;
			defaultConfigurationName = Release;
		};
		276EC90D22CDD48600D9B822 /* Build configuration list for PBXNativeTarget "SharedTests" */ = {
			isa = XCConfigurationList;
			buildConfigurations = (
				276EC90E22CDD48600D9B822 /* Debug */,
				276EC90F22CDD48600D9B822 /* Release */,
			);
			defaultConfigurationIsVisible = 0;
			defaultConfigurationName = Release;
		};
/* End XCConfigurationList section */
	};
	rootObject = 276EC8ED22CDD48500D9B822 /* Project object */;
}
